// !$*UTF8*$!
{
	archiveVersion = 1;
	classes = {
	};
	objectVersion = 46;
	objects = {

/* Begin PBXBuildFile section */
		8104C36A17E94DFE00A54475 /* CompanyLocationViewController.m in Sources */ = {isa = PBXBuildFile; fileRef = 8104C36917E94DFE00A54475 /* CompanyLocationViewController.m */; };
		8104C36C17E9511600A54475 /* MapKit.framework in Frameworks */ = {isa = PBXBuildFile; fileRef = 8104C36B17E9511600A54475 /* MapKit.framework */; };
		8104C36F17E952A500A54475 /* CustomAnnotation.m in Sources */ = {isa = PBXBuildFile; fileRef = 8104C36E17E952A500A54475 /* CustomAnnotation.m */; };
		810B470717E1671400E2F12F /* CityViewController.m in Sources */ = {isa = PBXBuildFile; fileRef = 810B470617E1671400E2F12F /* CityViewController.m */; };
		812169E217E6D658005988CB /* info.png in Resources */ = {isa = PBXBuildFile; fileRef = 812169E017E6D657005988CB /* info.png */; };
		812169E317E6D658005988CB /* info_pressed.png in Resources */ = {isa = PBXBuildFile; fileRef = 812169E117E6D657005988CB /* info_pressed.png */; };
		812169E617E6D825005988CB /* refresh_pressed.png in Resources */ = {isa = PBXBuildFile; fileRef = 812169E417E6D824005988CB /* refresh_pressed.png */; };
		812169E717E6D825005988CB /* refresh.png in Resources */ = {isa = PBXBuildFile; fileRef = 812169E517E6D825005988CB /* refresh.png */; };
		819A2AE917E2B19000254595 /* NaviBack.png in Resources */ = {isa = PBXBuildFile; fileRef = 819A2AE717E2B19000254595 /* NaviBack.png */; };
		819A2AEA17E2B19000254595 /* NaviBack@2x.png in Resources */ = {isa = PBXBuildFile; fileRef = 819A2AE817E2B19000254595 /* NaviBack@2x.png */; };
		819A2AEF17E2B6AB00254595 /* CancelBack.png in Resources */ = {isa = PBXBuildFile; fileRef = 819A2AED17E2B6AB00254595 /* CancelBack.png */; };
		819A2AF017E2B6AB00254595 /* CancelBack@2x.png in Resources */ = {isa = PBXBuildFile; fileRef = 819A2AEE17E2B6AB00254595 /* CancelBack@2x.png */; };
		819A2AF217E2B80800254595 /* add.png in Resources */ = {isa = PBXBuildFile; fileRef = 819A2AF117E2B80800254595 /* add.png */; };
		819A2AF517E2BD5500254595 /* ChineseToPinyin.m in Sources */ = {isa = PBXBuildFile; fileRef = 819A2AF417E2BD5500254595 /* ChineseToPinyin.m */; };
		819A2AF717E2C7C300254595 /* hxhd.png in Resources */ = {isa = PBXBuildFile; fileRef = 819A2AF617E2C7C300254595 /* hxhd.png */; };
		819A2AF917E2DC2D00254595 /* hxhdClear.png in Resources */ = {isa = PBXBuildFile; fileRef = 819A2AF817E2DC2D00254595 /* hxhdClear.png */; };
		81C80A7217EEE774004FC148 /* NavigationBg.png in Resources */ = {isa = PBXBuildFile; fileRef = 81C80A7117EEE774004FC148 /* NavigationBg.png */; };
		81FD160817E039F2004B714A /* UIKit.framework in Frameworks */ = {isa = PBXBuildFile; fileRef = 81FD160717E039F2004B714A /* UIKit.framework */; };
		81FD160A17E039F2004B714A /* Foundation.framework in Frameworks */ = {isa = PBXBuildFile; fileRef = 81FD160917E039F2004B714A /* Foundation.framework */; };
		81FD160C17E039F2004B714A /* CoreGraphics.framework in Frameworks */ = {isa = PBXBuildFile; fileRef = 81FD160B17E039F2004B714A /* CoreGraphics.framework */; };
		81FD161217E039F2004B714A /* InfoPlist.strings in Resources */ = {isa = PBXBuildFile; fileRef = 81FD161017E039F2004B714A /* InfoPlist.strings */; };
		81FD161417E039F2004B714A /* main.m in Sources */ = {isa = PBXBuildFile; fileRef = 81FD161317E039F2004B714A /* main.m */; };
		81FD161817E039F2004B714A /* AppDelegate.m in Sources */ = {isa = PBXBuildFile; fileRef = 81FD161717E039F2004B714A /* AppDelegate.m */; };
		81FD162617E03A3D004B714A /* CityInfo.plist in Resources */ = {isa = PBXBuildFile; fileRef = 81FD162517E03A3D004B714A /* CityInfo.plist */; };
		81FD162A17E03B0C004B714A /* Reachability.m in Sources */ = {isa = PBXBuildFile; fileRef = 81FD162917E03B0C004B714A /* Reachability.m */; };
		81FD162C17E03B2E004B714A /* SystemConfiguration.framework in Frameworks */ = {isa = PBXBuildFile; fileRef = 81FD162B17E03B2E004B714A /* SystemConfiguration.framework */; };
		81FD162E17E03B3D004B714A /* CoreVideo.framework in Frameworks */ = {isa = PBXBuildFile; fileRef = 81FD162D17E03B3D004B714A /* CoreVideo.framework */; };
		81FD163017E03B48004B714A /* CoreMedia.framework in Frameworks */ = {isa = PBXBuildFile; fileRef = 81FD162F17E03B48004B714A /* CoreMedia.framework */; };
		81FD163217E03B4F004B714A /* ImageIO.framework in Frameworks */ = {isa = PBXBuildFile; fileRef = 81FD163117E03B4F004B714A /* ImageIO.framework */; };
		81FD163417E03B56004B714A /* AVFoundation.framework in Frameworks */ = {isa = PBXBuildFile; fileRef = 81FD163317E03B56004B714A /* AVFoundation.framework */; };
		81FD163617E03B5E004B714A /* CoreLocation.framework in Frameworks */ = {isa = PBXBuildFile; fileRef = 81FD163517E03B5E004B714A /* CoreLocation.framework */; };
		81FD163817E03B6F004B714A /* QuartzCore.framework in Frameworks */ = {isa = PBXBuildFile; fileRef = 81FD163717E03B6F004B714A /* QuartzCore.framework */; };
		81FD165417E03BC1004B714A /* baoxue.png in Resources */ = {isa = PBXBuildFile; fileRef = 81FD163B17E03BC1004B714A /* baoxue.png */; };
		81FD165517E03BC1004B714A /* baoyu.png in Resources */ = {isa = PBXBuildFile; fileRef = 81FD163C17E03BC1004B714A /* baoyu.png */; };
		81FD165617E03BC1004B714A /* dabaoyu.png in Resources */ = {isa = PBXBuildFile; fileRef = 81FD163D17E03BC1004B714A /* dabaoyu.png */; };
		81FD165717E03BC1004B714A /* daxue.png in Resources */ = {isa = PBXBuildFile; fileRef = 81FD163E17E03BC1004B714A /* daxue.png */; };
		81FD165817E03BC1004B714A /* dayu.png in Resources */ = {isa = PBXBuildFile; fileRef = 81FD163F17E03BC1004B714A /* dayu.png */; };
		81FD165917E03BC1004B714A /* dongyu.png in Resources */ = {isa = PBXBuildFile; fileRef = 81FD164017E03BC1004B714A /* dongyu.png */; };
		81FD165A17E03BC1004B714A /* duoyun.png in Resources */ = {isa = PBXBuildFile; fileRef = 81FD164117E03BC1004B714A /* duoyun.png */; };
		81FD165B17E03BC1004B714A /* fuchen.png in Resources */ = {isa = PBXBuildFile; fileRef = 81FD164217E03BC1004B714A /* fuchen.png */; };
		81FD165C17E03BC1004B714A /* leizhenyu.png in Resources */ = {isa = PBXBuildFile; fileRef = 81FD164317E03BC1004B714A /* leizhenyu.png */; };
		81FD165D17E03BC1004B714A /* leizhenyubanyoubingbao.png in Resources */ = {isa = PBXBuildFile; fileRef = 81FD164417E03BC1004B714A /* leizhenyubanyoubingbao.png */; };
		81FD165E17E03BC1004B714A /* mai.png in Resources */ = {isa = PBXBuildFile; fileRef = 81FD164517E03BC1004B714A /* mai.png */; };
		81FD165F17E03BC1004B714A /* qiangshachengbaopng.png in Resources */ = {isa = PBXBuildFile; fileRef = 81FD164617E03BC1004B714A /* qiangshachengbaopng.png */; };
		81FD166017E03BC1004B714A /* qing.png in Resources */ = {isa = PBXBuildFile; fileRef = 81FD164717E03BC1004B714A /* qing.png */; };
		81FD166117E03BC1004B714A /* shachenbao.png in Resources */ = {isa = PBXBuildFile; fileRef = 81FD164817E03BC1004B714A /* shachenbao.png */; };
		81FD166217E03BC1004B714A /* tedabaoyu.png in Resources */ = {isa = PBXBuildFile; fileRef = 81FD164917E03BC1004B714A /* tedabaoyu.png */; };
		81FD166317E03BC1004B714A /* wu.png in Resources */ = {isa = PBXBuildFile; fileRef = 81FD164A17E03BC1004B714A /* wu.png */; };
		81FD166417E03BC1004B714A /* xiaoxue.png in Resources */ = {isa = PBXBuildFile; fileRef = 81FD164B17E03BC1004B714A /* xiaoxue.png */; };
		81FD166517E03BC1004B714A /* xiaoyu.png in Resources */ = {isa = PBXBuildFile; fileRef = 81FD164C17E03BC1004B714A /* xiaoyu.png */; };
		81FD166617E03BC1004B714A /* yangsha.png in Resources */ = {isa = PBXBuildFile; fileRef = 81FD164D17E03BC1004B714A /* yangsha.png */; };
		81FD166717E03BC1004B714A /* yin.png in Resources */ = {isa = PBXBuildFile; fileRef = 81FD164E17E03BC1004B714A /* yin.png */; };
		81FD166817E03BC1004B714A /* yujiaxue.png in Resources */ = {isa = PBXBuildFile; fileRef = 81FD164F17E03BC1004B714A /* yujiaxue.png */; };
		81FD166917E03BC1004B714A /* zhenxue.png in Resources */ = {isa = PBXBuildFile; fileRef = 81FD165017E03BC1004B714A /* zhenxue.png */; };
		81FD166A17E03BC1004B714A /* zhenyu.png in Resources */ = {isa = PBXBuildFile; fileRef = 81FD165117E03BC1004B714A /* zhenyu.png */; };
		81FD166B17E03BC1004B714A /* zhongxue.png in Resources */ = {isa = PBXBuildFile; fileRef = 81FD165217E03BC1004B714A /* zhongxue.png */; };
		81FD166C17E03BC1004B714A /* zhongyu.png in Resources */ = {isa = PBXBuildFile; fileRef = 81FD165317E03BC1004B714A /* zhongyu.png */; };
		81FD167117E03BDC004B714A /* cancel_pressed.png in Resources */ = {isa = PBXBuildFile; fileRef = 81FD166D17E03BDC004B714A /* cancel_pressed.png */; };
		81FD167217E03BDC004B714A /* cancel.png in Resources */ = {isa = PBXBuildFile; fileRef = 81FD166E17E03BDC004B714A /* cancel.png */; };
		81FD167317E03BDC004B714A /* Dock_Btn_2_Activated.png in Resources */ = {isa = PBXBuildFile; fileRef = 81FD166F17E03BDC004B714A /* Dock_Btn_2_Activated.png */; };
		81FD167417E03BDC004B714A /* Dock_Btn_2.png in Resources */ = {isa = PBXBuildFile; fileRef = 81FD167017E03BDC004B714A /* Dock_Btn_2.png */; };
		81FD167917E03C45004B714A /* HomeViewController.m in Sources */ = {isa = PBXBuildFile; fileRef = 81FD167717E03C45004B714A /* HomeViewController.m */; };
		81FD167A17E03C45004B714A /* HomeViewController.xib in Resources */ = {isa = PBXBuildFile; fileRef = 81FD167817E03C45004B714A /* HomeViewController.xib */; };
		81FD168017E03E29004B714A /* Default-568h@2x.png in Resources */ = {isa = PBXBuildFile; fileRef = 81FD167B17E03E29004B714A /* Default-568h@2x.png */; };
		81FD168117E03E29004B714A /* Default.png in Resources */ = {isa = PBXBuildFile; fileRef = 81FD167C17E03E29004B714A /* Default.png */; };
		81FD168217E03E29004B714A /* Default@2x.png in Resources */ = {isa = PBXBuildFile; fileRef = 81FD167D17E03E29004B714A /* Default@2x.png */; };
		81FD168317E03E29004B714A /* Icon.png in Resources */ = {isa = PBXBuildFile; fileRef = 81FD167E17E03E29004B714A /* Icon.png */; };
		81FD168417E03E29004B714A /* Icon@2x.png in Resources */ = {isa = PBXBuildFile; fileRef = 81FD167F17E03E29004B714A /* Icon@2x.png */; };
		81FD168717E03EFF004B714A /* CameraImageHelper.m in Sources */ = {isa = PBXBuildFile; fileRef = 81FD168617E03EFF004B714A /* CameraImageHelper.m */; };
		81FD169217E040C9004B714A /* AboutViewController.m in Sources */ = {isa = PBXBuildFile; fileRef = 81FD168917E040C9004B714A /* AboutViewController.m */; };
		81FD169317E040C9004B714A /* DisclaimerViewController.m in Sources */ = {isa = PBXBuildFile; fileRef = 81FD168B17E040C9004B714A /* DisclaimerViewController.m */; };
		81FD169417E040C9004B714A /* LocationViewController.m in Sources */ = {isa = PBXBuildFile; fileRef = 81FD168D17E040C9004B714A /* LocationViewController.m */; };
		81FD169517E040C9004B714A /* ShowInfoViewController.m in Sources */ = {isa = PBXBuildFile; fileRef = 81FD168F17E040C9004B714A /* ShowInfoViewController.m */; };
		81FD169617E040C9004B714A /* VersionViewController.m in Sources */ = {isa = PBXBuildFile; fileRef = 81FD169117E040C9004B714A /* VersionViewController.m */; };
/* End PBXBuildFile section */

/* Begin PBXFileReference section */
		8104C36817E94DFE00A54475 /* CompanyLocationViewController.h */ = {isa = PBXFileReference; fileEncoding = 4; lastKnownFileType = sourcecode.c.h; path = CompanyLocationViewController.h; sourceTree = "<group>"; };
		8104C36917E94DFE00A54475 /* CompanyLocationViewController.m */ = {isa = PBXFileReference; fileEncoding = 4; lastKnownFileType = sourcecode.c.objc; path = CompanyLocationViewController.m; sourceTree = "<group>"; };
		8104C36B17E9511600A54475 /* MapKit.framework */ = {isa = PBXFileReference; lastKnownFileType = wrapper.framework; name = MapKit.framework; path = System/Library/Frameworks/MapKit.framework; sourceTree = SDKROOT; };
		8104C36D17E952A500A54475 /* CustomAnnotation.h */ = {isa = PBXFileReference; fileEncoding = 4; lastKnownFileType = sourcecode.c.h; path = CustomAnnotation.h; sourceTree = "<group>"; };
		8104C36E17E952A500A54475 /* CustomAnnotation.m */ = {isa = PBXFileReference; fileEncoding = 4; lastKnownFileType = sourcecode.c.objc; path = CustomAnnotation.m; sourceTree = "<group>"; };
		810B470517E1671400E2F12F /* CityViewController.h */ = {isa = PBXFileReference; fileEncoding = 4; lastKnownFileType = sourcecode.c.h; path = CityViewController.h; sourceTree = "<group>"; };
		810B470617E1671400E2F12F /* CityViewController.m */ = {isa = PBXFileReference; fileEncoding = 4; lastKnownFileType = sourcecode.c.objc; path = CityViewController.m; sourceTree = "<group>"; };
		812169E017E6D657005988CB /* info.png */ = {isa = PBXFileReference; lastKnownFileType = image.png; path = info.png; sourceTree = "<group>"; };
		812169E117E6D657005988CB /* info_pressed.png */ = {isa = PBXFileReference; lastKnownFileType = image.png; path = info_pressed.png; sourceTree = "<group>"; };
		812169E417E6D824005988CB /* refresh_pressed.png */ = {isa = PBXFileReference; lastKnownFileType = image.png; path = refresh_pressed.png; sourceTree = "<group>"; };
		812169E517E6D825005988CB /* refresh.png */ = {isa = PBXFileReference; lastKnownFileType = image.png; path = refresh.png; sourceTree = "<group>"; };
		819A2AE717E2B19000254595 /* NaviBack.png */ = {isa = PBXFileReference; lastKnownFileType = image.png; path = NaviBack.png; sourceTree = "<group>"; };
		819A2AE817E2B19000254595 /* NaviBack@2x.png */ = {isa = PBXFileReference; lastKnownFileType = image.png; path = "NaviBack@2x.png"; sourceTree = "<group>"; };
		819A2AED17E2B6AB00254595 /* CancelBack.png */ = {isa = PBXFileReference; lastKnownFileType = image.png; path = CancelBack.png; sourceTree = "<group>"; };
		819A2AEE17E2B6AB00254595 /* CancelBack@2x.png */ = {isa = PBXFileReference; lastKnownFileType = image.png; path = "CancelBack@2x.png"; sourceTree = "<group>"; };
		819A2AF117E2B80800254595 /* add.png */ = {isa = PBXFileReference; lastKnownFileType = image.png; path = add.png; sourceTree = "<group>"; };
		819A2AF317E2BD5500254595 /* ChineseToPinyin.h */ = {isa = PBXFileReference; fileEncoding = 4; lastKnownFileType = sourcecode.c.h; path = ChineseToPinyin.h; sourceTree = "<group>"; };
		819A2AF417E2BD5500254595 /* ChineseToPinyin.m */ = {isa = PBXFileReference; fileEncoding = 4; lastKnownFileType = sourcecode.c.objc; path = ChineseToPinyin.m; sourceTree = "<group>"; };
		819A2AF617E2C7C300254595 /* hxhd.png */ = {isa = PBXFileReference; lastKnownFileType = image.png; path = hxhd.png; sourceTree = "<group>"; };
		819A2AF817E2DC2D00254595 /* hxhdClear.png */ = {isa = PBXFileReference; lastKnownFileType = image.png; path = hxhdClear.png; sourceTree = "<group>"; };
		819A2AFA17E3121E00254595 /* zh-Hans */ = {isa = PBXFileReference; lastKnownFileType = text.plist.strings; name = "zh-Hans"; path = "zh-Hans.lproj/InfoPlist.strings"; sourceTree = "<group>"; };
		81C80A7117EEE774004FC148 /* NavigationBg.png */ = {isa = PBXFileReference; lastKnownFileType = image.png; path = NavigationBg.png; sourceTree = "<group>"; };
		81FD160417E039F2004B714A /* TheWeatherReport.app */ = {isa = PBXFileReference; explicitFileType = wrapper.application; includeInIndex = 0; path = TheWeatherReport.app; sourceTree = BUILT_PRODUCTS_DIR; };
		81FD160717E039F2004B714A /* UIKit.framework */ = {isa = PBXFileReference; lastKnownFileType = wrapper.framework; name = UIKit.framework; path = System/Library/Frameworks/UIKit.framework; sourceTree = SDKROOT; };
		81FD160917E039F2004B714A /* Foundation.framework */ = {isa = PBXFileReference; lastKnownFileType = wrapper.framework; name = Foundation.framework; path = System/Library/Frameworks/Foundation.framework; sourceTree = SDKROOT; };
		81FD160B17E039F2004B714A /* CoreGraphics.framework */ = {isa = PBXFileReference; lastKnownFileType = wrapper.framework; name = CoreGraphics.framework; path = System/Library/Frameworks/CoreGraphics.framework; sourceTree = SDKROOT; };
		81FD160F17E039F2004B714A /* TheWeatherReport-Info.plist */ = {isa = PBXFileReference; lastKnownFileType = text.plist.xml; path = "TheWeatherReport-Info.plist"; sourceTree = "<group>"; };
		81FD161117E039F2004B714A /* en */ = {isa = PBXFileReference; lastKnownFileType = text.plist.strings; name = en; path = en.lproj/InfoPlist.strings; sourceTree = "<group>"; };
		81FD161317E039F2004B714A /* main.m */ = {isa = PBXFileReference; lastKnownFileType = sourcecode.c.objc; path = main.m; sourceTree = "<group>"; };
		81FD161517E039F2004B714A /* TheWeatherReport-Prefix.pch */ = {isa = PBXFileReference; lastKnownFileType = sourcecode.c.h; path = "TheWeatherReport-Prefix.pch"; sourceTree = "<group>"; };
		81FD161617E039F2004B714A /* AppDelegate.h */ = {isa = PBXFileReference; lastKnownFileType = sourcecode.c.h; path = AppDelegate.h; sourceTree = "<group>"; };
		81FD161717E039F2004B714A /* AppDelegate.m */ = {isa = PBXFileReference; lastKnownFileType = sourcecode.c.objc; path = AppDelegate.m; sourceTree = "<group>"; };
		81FD162517E03A3D004B714A /* CityInfo.plist */ = {isa = PBXFileReference; fileEncoding = 4; lastKnownFileType = text.plist.xml; path = CityInfo.plist; sourceTree = "<group>"; };
		81FD162817E03B0C004B714A /* Reachability.h */ = {isa = PBXFileReference; fileEncoding = 4; lastKnownFileType = sourcecode.c.h; path = Reachability.h; sourceTree = "<group>"; };
		81FD162917E03B0C004B714A /* Reachability.m */ = {isa = PBXFileReference; fileEncoding = 4; lastKnownFileType = sourcecode.c.objc; path = Reachability.m; sourceTree = "<group>"; };
		81FD162B17E03B2E004B714A /* SystemConfiguration.framework */ = {isa = PBXFileReference; lastKnownFileType = wrapper.framework; name = SystemConfiguration.framework; path = System/Library/Frameworks/SystemConfiguration.framework; sourceTree = SDKROOT; };
		81FD162D17E03B3D004B714A /* CoreVideo.framework */ = {isa = PBXFileReference; lastKnownFileType = wrapper.framework; name = CoreVideo.framework; path = System/Library/Frameworks/CoreVideo.framework; sourceTree = SDKROOT; };
		81FD162F17E03B48004B714A /* CoreMedia.framework */ = {isa = PBXFileReference; lastKnownFileType = wrapper.framework; name = CoreMedia.framework; path = System/Library/Frameworks/CoreMedia.framework; sourceTree = SDKROOT; };
		81FD163117E03B4F004B714A /* ImageIO.framework */ = {isa = PBXFileReference; lastKnownFileType = wrapper.framework; name = ImageIO.framework; path = System/Library/Frameworks/ImageIO.framework; sourceTree = SDKROOT; };
		81FD163317E03B56004B714A /* AVFoundation.framework */ = {isa = PBXFileReference; lastKnownFileType = wrapper.framework; name = AVFoundation.framework; path = System/Library/Frameworks/AVFoundation.framework; sourceTree = SDKROOT; };
		81FD163517E03B5E004B714A /* CoreLocation.framework */ = {isa = PBXFileReference; lastKnownFileType = wrapper.framework; name = CoreLocation.framework; path = System/Library/Frameworks/CoreLocation.framework; sourceTree = SDKROOT; };
		81FD163717E03B6F004B714A /* QuartzCore.framework */ = {isa = PBXFileReference; lastKnownFileType = wrapper.framework; name = QuartzCore.framework; path = System/Library/Frameworks/QuartzCore.framework; sourceTree = SDKROOT; };
		81FD163B17E03BC1004B714A /* baoxue.png */ = {isa = PBXFileReference; lastKnownFileType = image.png; path = baoxue.png; sourceTree = "<group>"; };
		81FD163C17E03BC1004B714A /* baoyu.png */ = {isa = PBXFileReference; lastKnownFileType = image.png; path = baoyu.png; sourceTree = "<group>"; };
		81FD163D17E03BC1004B714A /* dabaoyu.png */ = {isa = PBXFileReference; lastKnownFileType = image.png; path = dabaoyu.png; sourceTree = "<group>"; };
		81FD163E17E03BC1004B714A /* daxue.png */ = {isa = PBXFileReference; lastKnownFileType = image.png; path = daxue.png; sourceTree = "<group>"; };
		81FD163F17E03BC1004B714A /* dayu.png */ = {isa = PBXFileReference; lastKnownFileType = image.png; path = dayu.png; sourceTree = "<group>"; };
		81FD164017E03BC1004B714A /* dongyu.png */ = {isa = PBXFileReference; lastKnownFileType = image.png; path = dongyu.png; sourceTree = "<group>"; };
		81FD164117E03BC1004B714A /* duoyun.png */ = {isa = PBXFileReference; lastKnownFileType = image.png; path = duoyun.png; sourceTree = "<group>"; };
		81FD164217E03BC1004B714A /* fuchen.png */ = {isa = PBXFileReference; lastKnownFileType = image.png; path = fuchen.png; sourceTree = "<group>"; };
		81FD164317E03BC1004B714A /* leizhenyu.png */ = {isa = PBXFileReference; lastKnownFileType = image.png; path = leizhenyu.png; sourceTree = "<group>"; };
		81FD164417E03BC1004B714A /* leizhenyubanyoubingbao.png */ = {isa = PBXFileReference; lastKnownFileType = image.png; path = leizhenyubanyoubingbao.png; sourceTree = "<group>"; };
		81FD164517E03BC1004B714A /* mai.png */ = {isa = PBXFileReference; lastKnownFileType = image.png; path = mai.png; sourceTree = "<group>"; };
		81FD164617E03BC1004B714A /* qiangshachengbaopng.png */ = {isa = PBXFileReference; lastKnownFileType = image.png; path = qiangshachengbaopng.png; sourceTree = "<group>"; };
		81FD164717E03BC1004B714A /* qing.png */ = {isa = PBXFileReference; lastKnownFileType = image.png; path = qing.png; sourceTree = "<group>"; };
		81FD164817E03BC1004B714A /* shachenbao.png */ = {isa = PBXFileReference; lastKnownFileType = image.png; path = shachenbao.png; sourceTree = "<group>"; };
		81FD164917E03BC1004B714A /* tedabaoyu.png */ = {isa = PBXFileReference; lastKnownFileType = image.png; path = tedabaoyu.png; sourceTree = "<group>"; };
		81FD164A17E03BC1004B714A /* wu.png */ = {isa = PBXFileReference; lastKnownFileType = image.png; path = wu.png; sourceTree = "<group>"; };
		81FD164B17E03BC1004B714A /* xiaoxue.png */ = {isa = PBXFileReference; lastKnownFileType = image.png; path = xiaoxue.png; sourceTree = "<group>"; };
		81FD164C17E03BC1004B714A /* xiaoyu.png */ = {isa = PBXFileReference; lastKnownFileType = image.png; path = xiaoyu.png; sourceTree = "<group>"; };
		81FD164D17E03BC1004B714A /* yangsha.png */ = {isa = PBXFileReference; lastKnownFileType = image.png; path = yangsha.png; sourceTree = "<group>"; };
		81FD164E17E03BC1004B714A /* yin.png */ = {isa = PBXFileReference; lastKnownFileType = image.png; path = yin.png; sourceTree = "<group>"; };
		81FD164F17E03BC1004B714A /* yujiaxue.png */ = {isa = PBXFileReference; lastKnownFileType = image.png; path = yujiaxue.png; sourceTree = "<group>"; };
		81FD165017E03BC1004B714A /* zhenxue.png */ = {isa = PBXFileReference; lastKnownFileType = image.png; path = zhenxue.png; sourceTree = "<group>"; };
		81FD165117E03BC1004B714A /* zhenyu.png */ = {isa = PBXFileReference; lastKnownFileType = image.png; path = zhenyu.png; sourceTree = "<group>"; };
		81FD165217E03BC1004B714A /* zhongxue.png */ = {isa = PBXFileReference; lastKnownFileType = image.png; path = zhongxue.png; sourceTree = "<group>"; };
		81FD165317E03BC1004B714A /* zhongyu.png */ = {isa = PBXFileReference; lastKnownFileType = image.png; path = zhongyu.png; sourceTree = "<group>"; };
		81FD166D17E03BDC004B714A /* cancel_pressed.png */ = {isa = PBXFileReference; lastKnownFileType = image.png; path = cancel_pressed.png; sourceTree = "<group>"; };
		81FD166E17E03BDC004B714A /* cancel.png */ = {isa = PBXFileReference; lastKnownFileType = image.png; path = cancel.png; sourceTree = "<group>"; };
		81FD166F17E03BDC004B714A /* Dock_Btn_2_Activated.png */ = {isa = PBXFileReference; lastKnownFileType = image.png; path = Dock_Btn_2_Activated.png; sourceTree = "<group>"; };
		81FD167017E03BDC004B714A /* Dock_Btn_2.png */ = {isa = PBXFileReference; lastKnownFileType = image.png; path = Dock_Btn_2.png; sourceTree = "<group>"; };
		81FD167617E03C45004B714A /* HomeViewController.h */ = {isa = PBXFileReference; fileEncoding = 4; lastKnownFileType = sourcecode.c.h; path = HomeViewController.h; sourceTree = "<group>"; };
		81FD167717E03C45004B714A /* HomeViewController.m */ = {isa = PBXFileReference; fileEncoding = 4; lastKnownFileType = sourcecode.c.objc; path = HomeViewController.m; sourceTree = "<group>"; };
		81FD167817E03C45004B714A /* HomeViewController.xib */ = {isa = PBXFileReference; fileEncoding = 4; lastKnownFileType = file.xib; path = HomeViewController.xib; sourceTree = "<group>"; };
		81FD167B17E03E29004B714A /* Default-568h@2x.png */ = {isa = PBXFileReference; lastKnownFileType = image.png; path = "Default-568h@2x.png"; sourceTree = "<group>"; };
		81FD167C17E03E29004B714A /* Default.png */ = {isa = PBXFileReference; lastKnownFileType = image.png; path = Default.png; sourceTree = "<group>"; };
		81FD167D17E03E29004B714A /* Default@2x.png */ = {isa = PBXFileReference; lastKnownFileType = image.png; path = "Default@2x.png"; sourceTree = "<group>"; };
		81FD167E17E03E29004B714A /* Icon.png */ = {isa = PBXFileReference; lastKnownFileType = image.png; path = Icon.png; sourceTree = "<group>"; };
		81FD167F17E03E29004B714A /* Icon@2x.png */ = {isa = PBXFileReference; lastKnownFileType = image.png; path = "Icon@2x.png"; sourceTree = "<group>"; };
		81FD168517E03EFF004B714A /* CameraImageHelper.h */ = {isa = PBXFileReference; fileEncoding = 4; lastKnownFileType = sourcecode.c.h; path = CameraImageHelper.h; sourceTree = "<group>"; };
		81FD168617E03EFF004B714A /* CameraImageHelper.m */ = {isa = PBXFileReference; fileEncoding = 4; lastKnownFileType = sourcecode.c.objc; path = CameraImageHelper.m; sourceTree = "<group>"; };
		81FD168817E040C9004B714A /* AboutViewController.h */ = {isa = PBXFileReference; fileEncoding = 4; lastKnownFileType = sourcecode.c.h; path = AboutViewController.h; sourceTree = "<group>"; };
		81FD168917E040C9004B714A /* AboutViewController.m */ = {isa = PBXFileReference; fileEncoding = 4; lastKnownFileType = sourcecode.c.objc; path = AboutViewController.m; sourceTree = "<group>"; };
		81FD168A17E040C9004B714A /* DisclaimerViewController.h */ = {isa = PBXFileReference; fileEncoding = 4; lastKnownFileType = sourcecode.c.h; path = DisclaimerViewController.h; sourceTree = "<group>"; };
		81FD168B17E040C9004B714A /* DisclaimerViewController.m */ = {isa = PBXFileReference; fileEncoding = 4; lastKnownFileType = sourcecode.c.objc; path = DisclaimerViewController.m; sourceTree = "<group>"; };
		81FD168C17E040C9004B714A /* LocationViewController.h */ = {isa = PBXFileReference; fileEncoding = 4; lastKnownFileType = sourcecode.c.h; path = LocationViewController.h; sourceTree = "<group>"; };
		81FD168D17E040C9004B714A /* LocationViewController.m */ = {isa = PBXFileReference; fileEncoding = 4; lastKnownFileType = sourcecode.c.objc; path = LocationViewController.m; sourceTree = "<group>"; };
		81FD168E17E040C9004B714A /* ShowInfoViewController.h */ = {isa = PBXFileReference; fileEncoding = 4; lastKnownFileType = sourcecode.c.h; path = ShowInfoViewController.h; sourceTree = "<group>"; };
		81FD168F17E040C9004B714A /* ShowInfoViewController.m */ = {isa = PBXFileReference; fileEncoding = 4; lastKnownFileType = sourcecode.c.objc; path = ShowInfoViewController.m; sourceTree = "<group>"; };
		81FD169017E040C9004B714A /* VersionViewController.h */ = {isa = PBXFileReference; fileEncoding = 4; lastKnownFileType = sourcecode.c.h; path = VersionViewController.h; sourceTree = "<group>"; };
		81FD169117E040C9004B714A /* VersionViewController.m */ = {isa = PBXFileReference; fileEncoding = 4; lastKnownFileType = sourcecode.c.objc; path = VersionViewController.m; sourceTree = "<group>"; };
/* End PBXFileReference section */

/* Begin PBXFrameworksBuildPhase section */
		81FD160117E039F2004B714A /* Frameworks */ = {
			isa = PBXFrameworksBuildPhase;
			buildActionMask = 2147483647;
			files = (
				8104C36C17E9511600A54475 /* MapKit.framework in Frameworks */,
				81FD163817E03B6F004B714A /* QuartzCore.framework in Frameworks */,
				81FD163617E03B5E004B714A /* CoreLocation.framework in Frameworks */,
				81FD163417E03B56004B714A /* AVFoundation.framework in Frameworks */,
				81FD163217E03B4F004B714A /* ImageIO.framework in Frameworks */,
				81FD163017E03B48004B714A /* CoreMedia.framework in Frameworks */,
				81FD162E17E03B3D004B714A /* CoreVideo.framework in Frameworks */,
				81FD162C17E03B2E004B714A /* SystemConfiguration.framework in Frameworks */,
				81FD160817E039F2004B714A /* UIKit.framework in Frameworks */,
				81FD160A17E039F2004B714A /* Foundation.framework in Frameworks */,
				81FD160C17E039F2004B714A /* CoreGraphics.framework in Frameworks */,
			);
			runOnlyForDeploymentPostprocessing = 0;
		};
/* End PBXFrameworksBuildPhase section */

/* Begin PBXGroup section */
		81FD15FB17E039F2004B714A = {
			isa = PBXGroup;
			children = (
				81FD162417E03A0F004B714A /* Other */,
				81FD167517E03C11004B714A /* VC */,
				81FD163917E03BB3004B714A /* Imgs */,
				81FD160D17E039F2004B714A /* TheWeatherReport */,
				81FD160617E039F2004B714A /* Frameworks */,
				81FD160517E039F2004B714A /* Products */,
			);
			sourceTree = "<group>";
		};
		81FD160517E039F2004B714A /* Products */ = {
			isa = PBXGroup;
			children = (
				81FD160417E039F2004B714A /* TheWeatherReport.app */,
			);
			name = Products;
			sourceTree = "<group>";
		};
		81FD160617E039F2004B714A /* Frameworks */ = {
			isa = PBXGroup;
			children = (
				8104C36B17E9511600A54475 /* MapKit.framework */,
				81FD163717E03B6F004B714A /* QuartzCore.framework */,
				81FD163517E03B5E004B714A /* CoreLocation.framework */,
				81FD163317E03B56004B714A /* AVFoundation.framework */,
				81FD163117E03B4F004B714A /* ImageIO.framework */,
				81FD162F17E03B48004B714A /* CoreMedia.framework */,
				81FD162D17E03B3D004B714A /* CoreVideo.framework */,
				81FD162B17E03B2E004B714A /* SystemConfiguration.framework */,
				81FD160717E039F2004B714A /* UIKit.framework */,
				81FD160917E039F2004B714A /* Foundation.framework */,
				81FD160B17E039F2004B714A /* CoreGraphics.framework */,
			);
			name = Frameworks;
			sourceTree = "<group>";
		};
		81FD160D17E039F2004B714A /* TheWeatherReport */ = {
			isa = PBXGroup;
			children = (
				81FD161617E039F2004B714A /* AppDelegate.h */,
				81FD161717E039F2004B714A /* AppDelegate.m */,
				81FD160E17E039F2004B714A /* Supporting Files */,
			);
			path = TheWeatherReport;
			sourceTree = "<group>";
		};
		81FD160E17E039F2004B714A /* Supporting Files */ = {
			isa = PBXGroup;
			children = (
				81FD160F17E039F2004B714A /* TheWeatherReport-Info.plist */,
				81FD161017E039F2004B714A /* InfoPlist.strings */,
				81FD161317E039F2004B714A /* main.m */,
				81FD161517E039F2004B714A /* TheWeatherReport-Prefix.pch */,
				81FD167B17E03E29004B714A /* Default-568h@2x.png */,
				81FD167C17E03E29004B714A /* Default.png */,
				81FD167D17E03E29004B714A /* Default@2x.png */,
				81FD167E17E03E29004B714A /* Icon.png */,
				81FD167F17E03E29004B714A /* Icon@2x.png */,
			);
			name = "Supporting Files";
			sourceTree = "<group>";
		};
		81FD162417E03A0F004B714A /* Other */ = {
			isa = PBXGroup;
			children = (
				81FD162717E03B0C004B714A /* Reachability */,
				81FD162517E03A3D004B714A /* CityInfo.plist */,
				81FD168517E03EFF004B714A /* CameraImageHelper.h */,
				81FD168617E03EFF004B714A /* CameraImageHelper.m */,
				819A2AF317E2BD5500254595 /* ChineseToPinyin.h */,
				819A2AF417E2BD5500254595 /* ChineseToPinyin.m */,
				8104C36D17E952A500A54475 /* CustomAnnotation.h */,
				8104C36E17E952A500A54475 /* CustomAnnotation.m */,
			);
			name = Other;
			sourceTree = "<group>";
		};
		81FD162717E03B0C004B714A /* Reachability */ = {
			isa = PBXGroup;
			children = (
				81FD162817E03B0C004B714A /* Reachability.h */,
				81FD162917E03B0C004B714A /* Reachability.m */,
			);
			path = Reachability;
			sourceTree = "<group>";
		};
		81FD163917E03BB3004B714A /* Imgs */ = {
			isa = PBXGroup;
			children = (
				81FD163A17E03BC1004B714A /* WeatherImages */,
				81FD166D17E03BDC004B714A /* cancel_pressed.png */,
				81FD166E17E03BDC004B714A /* cancel.png */,
				812169E017E6D657005988CB /* info.png */,
				812169E117E6D657005988CB /* info_pressed.png */,
				812169E517E6D825005988CB /* refresh.png */,
				812169E417E6D824005988CB /* refresh_pressed.png */,
				81FD166F17E03BDC004B714A /* Dock_Btn_2_Activated.png */,
				81FD167017E03BDC004B714A /* Dock_Btn_2.png */,
				81C80A7117EEE774004FC148 /* NavigationBg.png */,
				819A2AE717E2B19000254595 /* NaviBack.png */,
				819A2AE817E2B19000254595 /* NaviBack@2x.png */,
				819A2AED17E2B6AB00254595 /* CancelBack.png */,
				819A2AEE17E2B6AB00254595 /* CancelBack@2x.png */,
				819A2AF117E2B80800254595 /* add.png */,
				819A2AF617E2C7C300254595 /* hxhd.png */,
				819A2AF817E2DC2D00254595 /* hxhdClear.png */,
			);
			name = Imgs;
			sourceTree = "<group>";
		};
		81FD163A17E03BC1004B714A /* WeatherImages */ = {
			isa = PBXGroup;
			children = (
				81FD163B17E03BC1004B714A /* baoxue.png */,
				81FD163C17E03BC1004B714A /* baoyu.png */,
				81FD163D17E03BC1004B714A /* dabaoyu.png */,
				81FD163E17E03BC1004B714A /* daxue.png */,
				81FD163F17E03BC1004B714A /* dayu.png */,
				81FD164017E03BC1004B714A /* dongyu.png */,
				81FD164117E03BC1004B714A /* duoyun.png */,
				81FD164217E03BC1004B714A /* fuchen.png */,
				81FD164317E03BC1004B714A /* leizhenyu.png */,
				81FD164417E03BC1004B714A /* leizhenyubanyoubingbao.png */,
				81FD164517E03BC1004B714A /* mai.png */,
				81FD164617E03BC1004B714A /* qiangshachengbaopng.png */,
				81FD164717E03BC1004B714A /* qing.png */,
				81FD164817E03BC1004B714A /* shachenbao.png */,
				81FD164917E03BC1004B714A /* tedabaoyu.png */,
				81FD164A17E03BC1004B714A /* wu.png */,
				81FD164B17E03BC1004B714A /* xiaoxue.png */,
				81FD164C17E03BC1004B714A /* xiaoyu.png */,
				81FD164D17E03BC1004B714A /* yangsha.png */,
				81FD164E17E03BC1004B714A /* yin.png */,
				81FD164F17E03BC1004B714A /* yujiaxue.png */,
				81FD165017E03BC1004B714A /* zhenxue.png */,
				81FD165117E03BC1004B714A /* zhenyu.png */,
				81FD165217E03BC1004B714A /* zhongxue.png */,
				81FD165317E03BC1004B714A /* zhongyu.png */,
			);
			path = WeatherImages;
			sourceTree = "<group>";
		};
		81FD167517E03C11004B714A /* VC */ = {
			isa = PBXGroup;
			children = (
				81FD168817E040C9004B714A /* AboutViewController.h */,
				81FD168917E040C9004B714A /* AboutViewController.m */,
				81FD168A17E040C9004B714A /* DisclaimerViewController.h */,
				81FD168B17E040C9004B714A /* DisclaimerViewController.m */,
				81FD169017E040C9004B714A /* VersionViewController.h */,
				81FD169117E040C9004B714A /* VersionViewController.m */,
				81FD168C17E040C9004B714A /* LocationViewController.h */,
				81FD168D17E040C9004B714A /* LocationViewController.m */,
				81FD168E17E040C9004B714A /* ShowInfoViewController.h */,
				81FD168F17E040C9004B714A /* ShowInfoViewController.m */,
				81FD167617E03C45004B714A /* HomeViewController.h */,
				81FD167717E03C45004B714A /* HomeViewController.m */,
				81FD167817E03C45004B714A /* HomeViewController.xib */,
				810B470517E1671400E2F12F /* CityViewController.h */,
				810B470617E1671400E2F12F /* CityViewController.m */,
				8104C36817E94DFE00A54475 /* CompanyLocationViewController.h */,
				8104C36917E94DFE00A54475 /* CompanyLocationViewController.m */,
			);
			name = VC;
			sourceTree = "<group>";
		};
/* End PBXGroup section */

/* Begin PBXNativeTarget section */
		81FD160317E039F2004B714A /* TheWeatherReport */ = {
			isa = PBXNativeTarget;
			buildConfigurationList = 81FD162117E039F2004B714A /* Build configuration list for PBXNativeTarget "TheWeatherReport" */;
			buildPhases = (
				81FD160017E039F2004B714A /* Sources */,
				81FD160117E039F2004B714A /* Frameworks */,
				81FD160217E039F2004B714A /* Resources */,
			);
			buildRules = (
			);
			dependencies = (
			);
			name = TheWeatherReport;
			productName = TheWeatherReport;
			productReference = 81FD160417E039F2004B714A /* TheWeatherReport.app */;
			productType = "com.apple.product-type.application";
		};
/* End PBXNativeTarget section */

/* Begin PBXProject section */
		81FD15FC17E039F2004B714A /* Project object */ = {
			isa = PBXProject;
			attributes = {
				LastUpgradeCheck = 0460;
				ORGANIZATIONNAME = hxhd;
			};
			buildConfigurationList = 81FD15FF17E039F2004B714A /* Build configuration list for PBXProject "TheWeatherReport" */;
			compatibilityVersion = "Xcode 3.2";
			developmentRegion = English;
			hasScannedForEncodings = 0;
			knownRegions = (
				en,
				"zh-Hans",
			);
			mainGroup = 81FD15FB17E039F2004B714A;
			productRefGroup = 81FD160517E039F2004B714A /* Products */;
			projectDirPath = "";
			projectRoot = "";
			targets = (
				81FD160317E039F2004B714A /* TheWeatherReport */,
			);
		};
/* End PBXProject section */

/* Begin PBXResourcesBuildPhase section */
		81FD160217E039F2004B714A /* Resources */ = {
			isa = PBXResourcesBuildPhase;
			buildActionMask = 2147483647;
			files = (
				81FD161217E039F2004B714A /* InfoPlist.strings in Resources */,
				81FD162617E03A3D004B714A /* CityInfo.plist in Resources */,
				81FD165417E03BC1004B714A /* baoxue.png in Resources */,
				81FD165517E03BC1004B714A /* baoyu.png in Resources */,
				81FD165617E03BC1004B714A /* dabaoyu.png in Resources */,
				81FD165717E03BC1004B714A /* daxue.png in Resources */,
				81FD165817E03BC1004B714A /* dayu.png in Resources */,
				81FD165917E03BC1004B714A /* dongyu.png in Resources */,
				81FD165A17E03BC1004B714A /* duoyun.png in Resources */,
				81FD165B17E03BC1004B714A /* fuchen.png in Resources */,
				81FD165C17E03BC1004B714A /* leizhenyu.png in Resources */,
				81FD165D17E03BC1004B714A /* leizhenyubanyoubingbao.png in Resources */,
				81FD165E17E03BC1004B714A /* mai.png in Resources */,
				81FD165F17E03BC1004B714A /* qiangshachengbaopng.png in Resources */,
				81FD166017E03BC1004B714A /* qing.png in Resources */,
				81FD166117E03BC1004B714A /* shachenbao.png in Resources */,
				81FD166217E03BC1004B714A /* tedabaoyu.png in Resources */,
				81FD166317E03BC1004B714A /* wu.png in Resources */,
				81FD166417E03BC1004B714A /* xiaoxue.png in Resources */,
				81FD166517E03BC1004B714A /* xiaoyu.png in Resources */,
				81FD166617E03BC1004B714A /* yangsha.png in Resources */,
				81C80A7217EEE774004FC148 /* NavigationBg.png in Resources */,
				81FD166717E03BC1004B714A /* yin.png in Resources */,
				81FD166817E03BC1004B714A /* yujiaxue.png in Resources */,
				81FD166917E03BC1004B714A /* zhenxue.png in Resources */,
				81FD166A17E03BC1004B714A /* zhenyu.png in Resources */,
				81FD166B17E03BC1004B714A /* zhongxue.png in Resources */,
				81FD166C17E03BC1004B714A /* zhongyu.png in Resources */,
				81FD167117E03BDC004B714A /* cancel_pressed.png in Resources */,
				81FD167217E03BDC004B714A /* cancel.png in Resources */,
				81FD167317E03BDC004B714A /* Dock_Btn_2_Activated.png in Resources */,
				81FD167417E03BDC004B714A /* Dock_Btn_2.png in Resources */,
				81FD167A17E03C45004B714A /* HomeViewController.xib in Resources */,
				81FD168017E03E29004B714A /* Default-568h@2x.png in Resources */,
				81FD168117E03E29004B714A /* Default.png in Resources */,
				81FD168217E03E29004B714A /* Default@2x.png in Resources */,
				81FD168317E03E29004B714A /* Icon.png in Resources */,
				81FD168417E03E29004B714A /* Icon@2x.png in Resources */,
				819A2AE917E2B19000254595 /* NaviBack.png in Resources */,
				819A2AEA17E2B19000254595 /* NaviBack@2x.png in Resources */,
				819A2AEF17E2B6AB00254595 /* CancelBack.png in Resources */,
				819A2AF017E2B6AB00254595 /* CancelBack@2x.png in Resources */,
				819A2AF217E2B80800254595 /* add.png in Resources */,
				819A2AF717E2C7C300254595 /* hxhd.png in Resources */,
				819A2AF917E2DC2D00254595 /* hxhdClear.png in Resources */,
				812169E217E6D658005988CB /* info.png in Resources */,
				812169E317E6D658005988CB /* info_pressed.png in Resources */,
				812169E617E6D825005988CB /* refresh_pressed.png in Resources */,
				812169E717E6D825005988CB /* refresh.png in Resources */,
			);
			runOnlyForDeploymentPostprocessing = 0;
		};
/* End PBXResourcesBuildPhase section */

/* Begin PBXSourcesBuildPhase section */
		81FD160017E039F2004B714A /* Sources */ = {
			isa = PBXSourcesBuildPhase;
			buildActionMask = 2147483647;
			files = (
				81FD161417E039F2004B714A /* main.m in Sources */,
				81FD161817E039F2004B714A /* AppDelegate.m in Sources */,
				81FD162A17E03B0C004B714A /* Reachability.m in Sources */,
				81FD167917E03C45004B714A /* HomeViewController.m in Sources */,
				81FD168717E03EFF004B714A /* CameraImageHelper.m in Sources */,
				81FD169217E040C9004B714A /* AboutViewController.m in Sources */,
				81FD169317E040C9004B714A /* DisclaimerViewController.m in Sources */,
				81FD169417E040C9004B714A /* LocationViewController.m in Sources */,
				81FD169517E040C9004B714A /* ShowInfoViewController.m in Sources */,
				81FD169617E040C9004B714A /* VersionViewController.m in Sources */,
				810B470717E1671400E2F12F /* CityViewController.m in Sources */,
				819A2AF517E2BD5500254595 /* ChineseToPinyin.m in Sources */,
				8104C36A17E94DFE00A54475 /* CompanyLocationViewController.m in Sources */,
				8104C36F17E952A500A54475 /* CustomAnnotation.m in Sources */,
			);
			runOnlyForDeploymentPostprocessing = 0;
		};
/* End PBXSourcesBuildPhase section */

/* Begin PBXVariantGroup section */
		81FD161017E039F2004B714A /* InfoPlist.strings */ = {
			isa = PBXVariantGroup;
			children = (
				81FD161117E039F2004B714A /* en */,
				819A2AFA17E3121E00254595 /* zh-Hans */,
			);
			name = InfoPlist.strings;
			sourceTree = "<group>";
		};
/* End PBXVariantGroup section */

/* Begin XCBuildConfiguration section */
		81FD161F17E039F2004B714A /* Debug */ = {
			isa = XCBuildConfiguration;
			buildSettings = {
				ALWAYS_SEARCH_USER_PATHS = NO;
				CLANG_CXX_LANGUAGE_STANDARD = "gnu++0x";
				CLANG_CXX_LIBRARY = "libc++";
				CLANG_WARN_CONSTANT_CONVERSION = YES;
				CLANG_WARN_EMPTY_BODY = YES;
				CLANG_WARN_ENUM_CONVERSION = YES;
				CLANG_WARN_INT_CONVERSION = YES;
				CLANG_WARN__DUPLICATE_METHOD_MATCH = YES;
				"CODE_SIGN_IDENTITY[sdk=iphoneos*]" = "iPhone Developer";
				COPY_PHASE_STRIP = NO;
				GCC_C_LANGUAGE_STANDARD = gnu99;
				GCC_DYNAMIC_NO_PIC = NO;
				GCC_OPTIMIZATION_LEVEL = 0;
				GCC_PREPROCESSOR_DEFINITIONS = (
					"DEBUG=1",
					"$(inherited)",
				);
				GCC_SYMBOLS_PRIVATE_EXTERN = NO;
				GCC_WARN_ABOUT_RETURN_TYPE = YES;
				GCC_WARN_UNINITIALIZED_AUTOS = YES;
				GCC_WARN_UNUSED_VARIABLE = YES;
				IPHONEOS_DEPLOYMENT_TARGET = 6.1;
				ONLY_ACTIVE_ARCH = YES;
				SDKROOT = iphoneos;
			};
			name = Debug;
		};
		81FD162017E039F2004B714A /* Release */ = {
			isa = XCBuildConfiguration;
			buildSettings = {
				ALWAYS_SEARCH_USER_PATHS = NO;
				CLANG_CXX_LANGUAGE_STANDARD = "gnu++0x";
				CLANG_CXX_LIBRARY = "libc++";
				CLANG_WARN_CONSTANT_CONVERSION = YES;
				CLANG_WARN_EMPTY_BODY = YES;
				CLANG_WARN_ENUM_CONVERSION = YES;
				CLANG_WARN_INT_CONVERSION = YES;
				CLANG_WARN__DUPLICATE_METHOD_MATCH = YES;
				"CODE_SIGN_IDENTITY[sdk=iphoneos*]" = "iPhone Developer";
				COPY_PHASE_STRIP = YES;
				GCC_C_LANGUAGE_STANDARD = gnu99;
				GCC_WARN_ABOUT_RETURN_TYPE = YES;
				GCC_WARN_UNINITIALIZED_AUTOS = YES;
				GCC_WARN_UNUSED_VARIABLE = YES;
				IPHONEOS_DEPLOYMENT_TARGET = 6.1;
				OTHER_CFLAGS = "-DNS_BLOCK_ASSERTIONS=1";
				SDKROOT = iphoneos;
				VALIDATE_PRODUCT = YES;
			};
			name = Release;
		};
		81FD162217E039F2004B714A /* Debug */ = {
			isa = XCBuildConfiguration;
			buildSettings = {
				GCC_PRECOMPILE_PREFIX_HEADER = YES;
				GCC_PREFIX_HEADER = "TheWeatherReport/TheWeatherReport-Prefix.pch";
				INFOPLIST_FILE = "TheWeatherReport/TheWeatherReport-Info.plist";
				PRODUCT_NAME = "$(TARGET_NAME)";
				WRAPPER_EXTENSION = app;
			};
			name = Debug;
		};
		81FD162317E039F2004B714A /* Release */ = {
			isa = XCBuildConfiguration;
			buildSettings = {
				GCC_PRECOMPILE_PREFIX_HEADER = YES;
				GCC_PREFIX_HEADER = "TheWeatherReport/TheWeatherReport-Prefix.pch";
				INFOPLIST_FILE = "TheWeatherReport/TheWeatherReport-Info.plist";
				PRODUCT_NAME = "$(TARGET_NAME)";
				WRAPPER_EXTENSION = app;
			};
			name = Release;
		};
/* End XCBuildConfiguration section */

/* Begin XCConfigurationList section */
		81FD15FF17E039F2004B714A /* Build configuration list for PBXProject "TheWeatherReport" */ = {
			isa = XCConfigurationList;
			buildConfigurations = (
				81FD161F17E039F2004B714A /* Debug */,
				81FD162017E039F2004B714A /* Release */,
			);
			defaultConfigurationIsVisible = 0;
			defaultConfigurationName = Release;
		};
		81FD162117E039F2004B714A /* Build configuration list for PBXNativeTarget "TheWeatherReport" */ = {
			isa = XCConfigurationList;
			buildConfigurations = (
				81FD162217E039F2004B714A /* Debug */,
				81FD162317E039F2004B714A /* Release */,
			);
			defaultConfigurationIsVisible = 0;
			defaultConfigurationName = Release;
		};
/* End XCConfigurationList section */
	};
	rootObject = 81FD15FC17E039F2004B714A /* Project object */;
}
