// !$*UTF8*$!
{
	archiveVersion = 1;
	classes = {
	};
	objectVersion = 46;
	objects = {

/* Begin PBXBuildFile section */
		8104C36A17E94DFE00A54475 /* CompanyLocationViewController.m in Sources */ = {isa = PBXBuildFile; fileRef = 8104C36917E94DFE00A54475 /* CompanyLocationViewController.m */; };
		8104C36C17E9511600A54475 /* MapKit.framework in Frameworks */ = {isa = PBXBuildFile; fileRef = 8104C36B17E9511600A54475 /* MapKit.framework */; };
		8104C36F17E952A500A54475 /* CustomAnnotation.m in Sources */ = {isa = PBXBuildFile; fileRef = 8104C36E17E952A500A54475 /* CustomAnnotation.m */; };
		810B470717E1671400E2F12F /* CityViewController.m in Sources */ = {isa = PBXBuildFile; fileRef = 810B470617E1671400E2F12F /* CityViewController.m */; };
		8126919E17EFEEC000CEEC66 /* NavigationBg_2.png in Resources */ = {isa = PBXBuildFile; fileRef = 8126919D17EFEEC000CEEC66 /* NavigationBg_2.png */; };
		812691A017EFEFBD00CEEC66 /* NavigationBg.png in Resources */ = {isa = PBXBuildFile; fileRef = 8126919F17EFEFBD00CEEC66 /* NavigationBg.png */; };
		812691C217F0152A00CEEC66 /* 0.png in Resources */ = {isa = PBXBuildFile; fileRef = 812691A117F0152A00CEEC66 /* 0.png */; };
		812691C317F0152A00CEEC66 /* 1.png in Resources */ = {isa = PBXBuildFile; fileRef = 812691A217F0152A00CEEC66 /* 1.png */; };
		812691C417F0152A00CEEC66 /* 2.png in Resources */ = {isa = PBXBuildFile; fileRef = 812691A317F0152A00CEEC66 /* 2.png */; };
		812691C517F0152A00CEEC66 /* 3.png in Resources */ = {isa = PBXBuildFile; fileRef = 812691A417F0152A00CEEC66 /* 3.png */; };
		812691C617F0152A00CEEC66 /* 4.png in Resources */ = {isa = PBXBuildFile; fileRef = 812691A517F0152A00CEEC66 /* 4.png */; };
		812691C717F0152A00CEEC66 /* 5.png in Resources */ = {isa = PBXBuildFile; fileRef = 812691A617F0152A00CEEC66 /* 5.png */; };
		812691C817F0152A00CEEC66 /* 6.png in Resources */ = {isa = PBXBuildFile; fileRef = 812691A717F0152A00CEEC66 /* 6.png */; };
		812691C917F0152A00CEEC66 /* 7.png in Resources */ = {isa = PBXBuildFile; fileRef = 812691A817F0152A00CEEC66 /* 7.png */; };
		812691CA17F0152A00CEEC66 /* 8.png in Resources */ = {isa = PBXBuildFile; fileRef = 812691A917F0152A00CEEC66 /* 8.png */; };
		812691CB17F0152A00CEEC66 /* 9.png in Resources */ = {isa = PBXBuildFile; fileRef = 812691AA17F0152A00CEEC66 /* 9.png */; };
		812691CC17F0152A00CEEC66 /* 10.png in Resources */ = {isa = PBXBuildFile; fileRef = 812691AB17F0152A00CEEC66 /* 10.png */; };
		812691CD17F0152A00CEEC66 /* 11.png in Resources */ = {isa = PBXBuildFile; fileRef = 812691AC17F0152A00CEEC66 /* 11.png */; };
		812691CE17F0152A00CEEC66 /* 12.png in Resources */ = {isa = PBXBuildFile; fileRef = 812691AD17F0152A00CEEC66 /* 12.png */; };
		812691CF17F0152A00CEEC66 /* 13.png in Resources */ = {isa = PBXBuildFile; fileRef = 812691AE17F0152A00CEEC66 /* 13.png */; };
		812691D017F0152A00CEEC66 /* 14.png in Resources */ = {isa = PBXBuildFile; fileRef = 812691AF17F0152A00CEEC66 /* 14.png */; };
		812691D117F0152A00CEEC66 /* 15.png in Resources */ = {isa = PBXBuildFile; fileRef = 812691B017F0152A00CEEC66 /* 15.png */; };
		812691D217F0152A00CEEC66 /* 16.png in Resources */ = {isa = PBXBuildFile; fileRef = 812691B117F0152A00CEEC66 /* 16.png */; };
		812691D317F0152A00CEEC66 /* 17.png in Resources */ = {isa = PBXBuildFile; fileRef = 812691B217F0152A00CEEC66 /* 17.png */; };
		812691D517F0152A00CEEC66 /* 19.png in Resources */ = {isa = PBXBuildFile; fileRef = 812691B417F0152A00CEEC66 /* 19.png */; };
		812691D617F0152A00CEEC66 /* 20.png in Resources */ = {isa = PBXBuildFile; fileRef = 812691B517F0152A00CEEC66 /* 20.png */; };
		812691D717F0152A00CEEC66 /* 21.png in Resources */ = {isa = PBXBuildFile; fileRef = 812691B617F0152A00CEEC66 /* 21.png */; };
		812691D817F0152A00CEEC66 /* 22.png in Resources */ = {isa = PBXBuildFile; fileRef = 812691B717F0152A00CEEC66 /* 22.png */; };
		812691D917F0152A00CEEC66 /* 23.png in Resources */ = {isa = PBXBuildFile; fileRef = 812691B817F0152A00CEEC66 /* 23.png */; };
		812691DA17F0152A00CEEC66 /* 24.png in Resources */ = {isa = PBXBuildFile; fileRef = 812691B917F0152A00CEEC66 /* 24.png */; };
		812691DB17F0152A00CEEC66 /* 25.png in Resources */ = {isa = PBXBuildFile; fileRef = 812691BA17F0152A00CEEC66 /* 25.png */; };
		812691DC17F0152A00CEEC66 /* 26.png in Resources */ = {isa = PBXBuildFile; fileRef = 812691BB17F0152A00CEEC66 /* 26.png */; };
		812691DD17F0152A00CEEC66 /* 27.png in Resources */ = {isa = PBXBuildFile; fileRef = 812691BC17F0152A00CEEC66 /* 27.png */; };
		812691DE17F0152A00CEEC66 /* 28.png in Resources */ = {isa = PBXBuildFile; fileRef = 812691BD17F0152A00CEEC66 /* 28.png */; };
		812691DF17F0152A00CEEC66 /* 29.png in Resources */ = {isa = PBXBuildFile; fileRef = 812691BE17F0152A00CEEC66 /* 29.png */; };
		812691E017F0152A00CEEC66 /* 30.png in Resources */ = {isa = PBXBuildFile; fileRef = 812691BF17F0152A00CEEC66 /* 30.png */; };
		812691E117F0152A00CEEC66 /* 31.png in Resources */ = {isa = PBXBuildFile; fileRef = 812691C017F0152A00CEEC66 /* 31.png */; };
		812691E217F0152A00CEEC66 /* 53.png in Resources */ = {isa = PBXBuildFile; fileRef = 812691C117F0152A00CEEC66 /* 53.png */; };
		812691E417F01A0A00CEEC66 /* nothing.png in Resources */ = {isa = PBXBuildFile; fileRef = 812691E317F01A0A00CEEC66 /* nothing.png */; };
		8130B3F717F81E6800C671D1 /* AllCityInfo.plist in Resources */ = {isa = PBXBuildFile; fileRef = 8130B3F617F81E6800C671D1 /* AllCityInfo.plist */; };
		8130B3F917F8299800C671D1 /* Icon-h@2x.png in Resources */ = {isa = PBXBuildFile; fileRef = 8130B3F817F8299800C671D1 /* Icon-h@2x.png */; };
		819A2AE917E2B19000254595 /* NaviBack.png in Resources */ = {isa = PBXBuildFile; fileRef = 819A2AE717E2B19000254595 /* NaviBack.png */; };
		819A2AEA17E2B19000254595 /* NaviBack@2x.png in Resources */ = {isa = PBXBuildFile; fileRef = 819A2AE817E2B19000254595 /* NaviBack@2x.png */; };
		819A2AEF17E2B6AB00254595 /* CancelBack.png in Resources */ = {isa = PBXBuildFile; fileRef = 819A2AED17E2B6AB00254595 /* CancelBack.png */; };
		819A2AF017E2B6AB00254595 /* CancelBack@2x.png in Resources */ = {isa = PBXBuildFile; fileRef = 819A2AEE17E2B6AB00254595 /* CancelBack@2x.png */; };
		819A2AF217E2B80800254595 /* add.png in Resources */ = {isa = PBXBuildFile; fileRef = 819A2AF117E2B80800254595 /* add.png */; };
		819A2AF517E2BD5500254595 /* ChineseToPinyin.m in Sources */ = {isa = PBXBuildFile; fileRef = 819A2AF417E2BD5500254595 /* ChineseToPinyin.m */; };
		819A2AF717E2C7C300254595 /* hxhd.png in Resources */ = {isa = PBXBuildFile; fileRef = 819A2AF617E2C7C300254595 /* hxhd.png */; };
		819A2AF917E2DC2D00254595 /* hxhdClear.png in Resources */ = {isa = PBXBuildFile; fileRef = 819A2AF817E2DC2D00254595 /* hxhdClear.png */; };
		819DDF0817F55CB300A36D5E /* camera_pressed.png in Resources */ = {isa = PBXBuildFile; fileRef = 819DDF0217F55CB300A36D5E /* camera_pressed.png */; };
		819DDF0917F55CB300A36D5E /* camera.png in Resources */ = {isa = PBXBuildFile; fileRef = 819DDF0317F55CB300A36D5E /* camera.png */; };
		819DDF0A17F55CB300A36D5E /* info_pressed.png in Resources */ = {isa = PBXBuildFile; fileRef = 819DDF0417F55CB300A36D5E /* info_pressed.png */; };
		819DDF0B17F55CB300A36D5E /* info.png in Resources */ = {isa = PBXBuildFile; fileRef = 819DDF0517F55CB300A36D5E /* info.png */; };
		81BC00B417F18C43005FAF3F /* NavigationBg_1.png in Resources */ = {isa = PBXBuildFile; fileRef = 81BC00B317F18C43005FAF3F /* NavigationBg_1.png */; };
		81E96F0417F9126300E6E0CC /* 18.png in Resources */ = {isa = PBXBuildFile; fileRef = 81E96F0317F9126300E6E0CC /* 18.png */; };
		81E96F0617F954E400E6E0CC /* refresh.png in Resources */ = {isa = PBXBuildFile; fileRef = 81E96F0517F954E400E6E0CC /* refresh.png */; };
		81E96F0817F9560600E6E0CC /* refresh_pressed.png in Resources */ = {isa = PBXBuildFile; fileRef = 81E96F0717F9560600E6E0CC /* refresh_pressed.png */; };
		81E96F0A17F9827D00E6E0CC /* itunes.png in Resources */ = {isa = PBXBuildFile; fileRef = 81E96F0917F9827D00E6E0CC /* itunes.png */; };
		81F7A7C417F2B8030049BBD8 /* CheckNetwork.m in Sources */ = {isa = PBXBuildFile; fileRef = 81F7A7C317F2B8030049BBD8 /* CheckNetwork.m */; };
		81FD160817E039F2004B714A /* UIKit.framework in Frameworks */ = {isa = PBXBuildFile; fileRef = 81FD160717E039F2004B714A /* UIKit.framework */; };
		81FD160A17E039F2004B714A /* Foundation.framework in Frameworks */ = {isa = PBXBuildFile; fileRef = 81FD160917E039F2004B714A /* Foundation.framework */; };
		81FD160C17E039F2004B714A /* CoreGraphics.framework in Frameworks */ = {isa = PBXBuildFile; fileRef = 81FD160B17E039F2004B714A /* CoreGraphics.framework */; };
		81FD161217E039F2004B714A /* InfoPlist.strings in Resources */ = {isa = PBXBuildFile; fileRef = 81FD161017E039F2004B714A /* InfoPlist.strings */; };
		81FD161417E039F2004B714A /* main.m in Sources */ = {isa = PBXBuildFile; fileRef = 81FD161317E039F2004B714A /* main.m */; };
		81FD161817E039F2004B714A /* AppDelegate.m in Sources */ = {isa = PBXBuildFile; fileRef = 81FD161717E039F2004B714A /* AppDelegate.m */; };
		81FD162617E03A3D004B714A /* CityInfo.plist in Resources */ = {isa = PBXBuildFile; fileRef = 81FD162517E03A3D004B714A /* CityInfo.plist */; };
		81FD162A17E03B0C004B714A /* Reachability.m in Sources */ = {isa = PBXBuildFile; fileRef = 81FD162917E03B0C004B714A /* Reachability.m */; };
		81FD162C17E03B2E004B714A /* SystemConfiguration.framework in Frameworks */ = {isa = PBXBuildFile; fileRef = 81FD162B17E03B2E004B714A /* SystemConfiguration.framework */; };
		81FD162E17E03B3D004B714A /* CoreVideo.framework in Frameworks */ = {isa = PBXBuildFile; fileRef = 81FD162D17E03B3D004B714A /* CoreVideo.framework */; };
		81FD163017E03B48004B714A /* CoreMedia.framework in Frameworks */ = {isa = PBXBuildFile; fileRef = 81FD162F17E03B48004B714A /* CoreMedia.framework */; };
		81FD163217E03B4F004B714A /* ImageIO.framework in Frameworks */ = {isa = PBXBuildFile; fileRef = 81FD163117E03B4F004B714A /* ImageIO.framework */; };
		81FD163417E03B56004B714A /* AVFoundation.framework in Frameworks */ = {isa = PBXBuildFile; fileRef = 81FD163317E03B56004B714A /* AVFoundation.framework */; };
		81FD163617E03B5E004B714A /* CoreLocation.framework in Frameworks */ = {isa = PBXBuildFile; fileRef = 81FD163517E03B5E004B714A /* CoreLocation.framework */; };
		81FD163817E03B6F004B714A /* QuartzCore.framework in Frameworks */ = {isa = PBXBuildFile; fileRef = 81FD163717E03B6F004B714A /* QuartzCore.framework */; };
		81FD167917E03C45004B714A /* HomeViewController.m in Sources */ = {isa = PBXBuildFile; fileRef = 81FD167717E03C45004B714A /* HomeViewController.m */; };
		81FD167A17E03C45004B714A /* HomeViewController.xib in Resources */ = {isa = PBXBuildFile; fileRef = 81FD167817E03C45004B714A /* HomeViewController.xib */; };
		81FD168017E03E29004B714A /* Default-568h@2x.png in Resources */ = {isa = PBXBuildFile; fileRef = 81FD167B17E03E29004B714A /* Default-568h@2x.png */; };
		81FD168117E03E29004B714A /* Default.png in Resources */ = {isa = PBXBuildFile; fileRef = 81FD167C17E03E29004B714A /* Default.png */; };
		81FD168217E03E29004B714A /* Default@2x.png in Resources */ = {isa = PBXBuildFile; fileRef = 81FD167D17E03E29004B714A /* Default@2x.png */; };
		81FD168317E03E29004B714A /* Icon.png in Resources */ = {isa = PBXBuildFile; fileRef = 81FD167E17E03E29004B714A /* Icon.png */; };
		81FD168417E03E29004B714A /* Icon@2x.png in Resources */ = {isa = PBXBuildFile; fileRef = 81FD167F17E03E29004B714A /* Icon@2x.png */; };
		81FD168717E03EFF004B714A /* CameraImageHelper.m in Sources */ = {isa = PBXBuildFile; fileRef = 81FD168617E03EFF004B714A /* CameraImageHelper.m */; };
		81FD169217E040C9004B714A /* AboutViewController.m in Sources */ = {isa = PBXBuildFile; fileRef = 81FD168917E040C9004B714A /* AboutViewController.m */; };
		81FD169317E040C9004B714A /* DisclaimerViewController.m in Sources */ = {isa = PBXBuildFile; fileRef = 81FD168B17E040C9004B714A /* DisclaimerViewController.m */; };
		81FD169517E040C9004B714A /* ShowInfoViewController.m in Sources */ = {isa = PBXBuildFile; fileRef = 81FD168F17E040C9004B714A /* ShowInfoViewController.m */; };
		81FD169617E040C9004B714A /* VersionViewController.m in Sources */ = {isa = PBXBuildFile; fileRef = 81FD169117E040C9004B714A /* VersionViewController.m */; };
/* End PBXBuildFile section */

/* Begin PBXFileReference section */
		8104C36817E94DFE00A54475 /* CompanyLocationViewController.h */ = {isa = PBXFileReference; fileEncoding = 4; lastKnownFileType = sourcecode.c.h; path = CompanyLocationViewController.h; sourceTree = "<group>"; };
		8104C36917E94DFE00A54475 /* CompanyLocationViewController.m */ = {isa = PBXFileReference; fileEncoding = 4; lastKnownFileType = sourcecode.c.objc; path = CompanyLocationViewController.m; sourceTree = "<group>"; };
		8104C36B17E9511600A54475 /* MapKit.framework */ = {isa = PBXFileReference; lastKnownFileType = wrapper.framework; name = MapKit.framework; path = System/Library/Frameworks/MapKit.framework; sourceTree = SDKROOT; };
		8104C36D17E952A500A54475 /* CustomAnnotation.h */ = {isa = PBXFileReference; fileEncoding = 4; lastKnownFileType = sourcecode.c.h; path = CustomAnnotation.h; sourceTree = "<group>"; };
		8104C36E17E952A500A54475 /* CustomAnnotation.m */ = {isa = PBXFileReference; fileEncoding = 4; lastKnownFileType = sourcecode.c.objc; path = CustomAnnotation.m; sourceTree = "<group>"; };
		810B470517E1671400E2F12F /* CityViewController.h */ = {isa = PBXFileReference; fileEncoding = 4; lastKnownFileType = sourcecode.c.h; path = CityViewController.h; sourceTree = "<group>"; };
		810B470617E1671400E2F12F /* CityViewController.m */ = {isa = PBXFileReference; fileEncoding = 4; lastKnownFileType = sourcecode.c.objc; path = CityViewController.m; sourceTree = "<group>"; };
		8126919D17EFEEC000CEEC66 /* NavigationBg_2.png */ = {isa = PBXFileReference; lastKnownFileType = image.png; path = NavigationBg_2.png; sourceTree = "<group>"; };
		8126919F17EFEFBD00CEEC66 /* NavigationBg.png */ = {isa = PBXFileReference; lastKnownFileType = image.png; path = NavigationBg.png; sourceTree = "<group>"; };
		812691A117F0152A00CEEC66 /* 0.png */ = {isa = PBXFileReference; lastKnownFileType = image.png; path = 0.png; sourceTree = "<group>"; };
		812691A217F0152A00CEEC66 /* 1.png */ = {isa = PBXFileReference; lastKnownFileType = image.png; path = 1.png; sourceTree = "<group>"; };
		812691A317F0152A00CEEC66 /* 2.png */ = {isa = PBXFileReference; lastKnownFileType = image.png; path = 2.png; sourceTree = "<group>"; };
		812691A417F0152A00CEEC66 /* 3.png */ = {isa = PBXFileReference; lastKnownFileType = image.png; path = 3.png; sourceTree = "<group>"; };
		812691A517F0152A00CEEC66 /* 4.png */ = {isa = PBXFileReference; lastKnownFileType = image.png; path = 4.png; sourceTree = "<group>"; };
		812691A617F0152A00CEEC66 /* 5.png */ = {isa = PBXFileReference; lastKnownFileType = image.png; path = 5.png; sourceTree = "<group>"; };
		812691A717F0152A00CEEC66 /* 6.png */ = {isa = PBXFileReference; lastKnownFileType = image.png; path = 6.png; sourceTree = "<group>"; };
		812691A817F0152A00CEEC66 /* 7.png */ = {isa = PBXFileReference; lastKnownFileType = image.png; path = 7.png; sourceTree = "<group>"; };
		812691A917F0152A00CEEC66 /* 8.png */ = {isa = PBXFileReference; lastKnownFileType = image.png; path = 8.png; sourceTree = "<group>"; };
		812691AA17F0152A00CEEC66 /* 9.png */ = {isa = PBXFileReference; lastKnownFileType = image.png; path = 9.png; sourceTree = "<group>"; };
		812691AB17F0152A00CEEC66 /* 10.png */ = {isa = PBXFileReference; lastKnownFileType = image.png; path = 10.png; sourceTree = "<group>"; };
		812691AC17F0152A00CEEC66 /* 11.png */ = {isa = PBXFileReference; lastKnownFileType = image.png; path = 11.png; sourceTree = "<group>"; };
		812691AD17F0152A00CEEC66 /* 12.png */ = {isa = PBXFileReference; lastKnownFileType = image.png; path = 12.png; sourceTree = "<group>"; };
		812691AE17F0152A00CEEC66 /* 13.png */ = {isa = PBXFileReference; lastKnownFileType = image.png; path = 13.png; sourceTree = "<group>"; };
		812691AF17F0152A00CEEC66 /* 14.png */ = {isa = PBXFileReference; lastKnownFileType = image.png; path = 14.png; sourceTree = "<group>"; };
		812691B017F0152A00CEEC66 /* 15.png */ = {isa = PBXFileReference; lastKnownFileType = image.png; path = 15.png; sourceTree = "<group>"; };
		812691B117F0152A00CEEC66 /* 16.png */ = {isa = PBXFileReference; lastKnownFileType = image.png; path = 16.png; sourceTree = "<group>"; };
		812691B217F0152A00CEEC66 /* 17.png */ = {isa = PBXFileReference; lastKnownFileType = image.png; path = 17.png; sourceTree = "<group>"; };
		812691B417F0152A00CEEC66 /* 19.png */ = {isa = PBXFileReference; lastKnownFileType = image.png; path = 19.png; sourceTree = "<group>"; };
		812691B517F0152A00CEEC66 /* 20.png */ = {isa = PBXFileReference; lastKnownFileType = image.png; path = 20.png; sourceTree = "<group>"; };
		812691B617F0152A00CEEC66 /* 21.png */ = {isa = PBXFileReference; lastKnownFileType = image.png; path = 21.png; sourceTree = "<group>"; };
		812691B717F0152A00CEEC66 /* 22.png */ = {isa = PBXFileReference; lastKnownFileType = image.png; path = 22.png; sourceTree = "<group>"; };
		812691B817F0152A00CEEC66 /* 23.png */ = {isa = PBXFileReference; lastKnownFileType = image.png; path = 23.png; sourceTree = "<group>"; };
		812691B917F0152A00CEEC66 /* 24.png */ = {isa = PBXFileReference; lastKnownFileType = image.png; path = 24.png; sourceTree = "<group>"; };
		812691BA17F0152A00CEEC66 /* 25.png */ = {isa = PBXFileReference; lastKnownFileType = image.png; path = 25.png; sourceTree = "<group>"; };
		812691BB17F0152A00CEEC66 /* 26.png */ = {isa = PBXFileReference; lastKnownFileType = image.png; path = 26.png; sourceTree = "<group>"; };
		812691BC17F0152A00CEEC66 /* 27.png */ = {isa = PBXFileReference; lastKnownFileType = image.png; path = 27.png; sourceTree = "<group>"; };
		812691BD17F0152A00CEEC66 /* 28.png */ = {isa = PBXFileReference; lastKnownFileType = image.png; path = 28.png; sourceTree = "<group>"; };
		812691BE17F0152A00CEEC66 /* 29.png */ = {isa = PBXFileReference; lastKnownFileType = image.png; path = 29.png; sourceTree = "<group>"; };
		812691BF17F0152A00CEEC66 /* 30.png */ = {isa = PBXFileReference; lastKnownFileType = image.png; path = 30.png; sourceTree = "<group>"; };
		812691C017F0152A00CEEC66 /* 31.png */ = {isa = PBXFileReference; lastKnownFileType = image.png; path = 31.png; sourceTree = "<group>"; };
		812691C117F0152A00CEEC66 /* 53.png */ = {isa = PBXFileReference; lastKnownFileType = image.png; path = 53.png; sourceTree = "<group>"; };
		812691E317F01A0A00CEEC66 /* nothing.png */ = {isa = PBXFileReference; lastKnownFileType = image.png; path = nothing.png; sourceTree = "<group>"; };
		8130B3F617F81E6800C671D1 /* AllCityInfo.plist */ = {isa = PBXFileReference; fileEncoding = 4; lastKnownFileType = text.plist.xml; path = AllCityInfo.plist; sourceTree = "<group>"; };
		8130B3F817F8299800C671D1 /* Icon-h@2x.png */ = {isa = PBXFileReference; lastKnownFileType = image.png; path = "Icon-h@2x.png"; sourceTree = "<group>"; };
		819A2AE717E2B19000254595 /* NaviBack.png */ = {isa = PBXFileReference; lastKnownFileType = image.png; path = NaviBack.png; sourceTree = "<group>"; };
		819A2AE817E2B19000254595 /* NaviBack@2x.png */ = {isa = PBXFileReference; lastKnownFileType = image.png; path = "NaviBack@2x.png"; sourceTree = "<group>"; };
		819A2AED17E2B6AB00254595 /* CancelBack.png */ = {isa = PBXFileReference; lastKnownFileType = image.png; path = CancelBack.png; sourceTree = "<group>"; };
		819A2AEE17E2B6AB00254595 /* CancelBack@2x.png */ = {isa = PBXFileReference; lastKnownFileType = image.png; path = "CancelBack@2x.png"; sourceTree = "<group>"; };
		819A2AF117E2B80800254595 /* add.png */ = {isa = PBXFileReference; lastKnownFileType = image.png; path = add.png; sourceTree = "<group>"; };
		819A2AF317E2BD5500254595 /* ChineseToPinyin.h */ = {isa = PBXFileReference; fileEncoding = 4; lastKnownFileType = sourcecode.c.h; path = ChineseToPinyin.h; sourceTree = "<group>"; };
		819A2AF417E2BD5500254595 /* ChineseToPinyin.m */ = {isa = PBXFileReference; fileEncoding = 4; lastKnownFileType = sourcecode.c.objc; path = ChineseToPinyin.m; sourceTree = "<group>"; };
		819A2AF617E2C7C300254595 /* hxhd.png */ = {isa = PBXFileReference; lastKnownFileType = image.png; path = hxhd.png; sourceTree = "<group>"; };
		819A2AF817E2DC2D00254595 /* hxhdClear.png */ = {isa = PBXFileReference; lastKnownFileType = image.png; path = hxhdClear.png; sourceTree = "<group>"; };
		819A2AFA17E3121E00254595 /* zh-Hans */ = {isa = PBXFileReference; lastKnownFileType = text.plist.strings; name = "zh-Hans"; path = "zh-Hans.lproj/InfoPlist.strings"; sourceTree = "<group>"; };
		819DDF0217F55CB300A36D5E /* camera_pressed.png */ = {isa = PBXFileReference; lastKnownFileType = image.png; path = camera_pressed.png; sourceTree = "<group>"; };
		819DDF0317F55CB300A36D5E /* camera.png */ = {isa = PBXFileReference; lastKnownFileType = image.png; path = camera.png; sourceTree = "<group>"; };
		819DDF0417F55CB300A36D5E /* info_pressed.png */ = {isa = PBXFileReference; lastKnownFileType = image.png; path = info_pressed.png; sourceTree = "<group>"; };
		819DDF0517F55CB300A36D5E /* info.png */ = {isa = PBXFileReference; lastKnownFileType = image.png; path = info.png; sourceTree = "<group>"; };
		81BC00B317F18C43005FAF3F /* NavigationBg_1.png */ = {isa = PBXFileReference; lastKnownFileType = image.png; path = NavigationBg_1.png; sourceTree = "<group>"; };
		81E96F0317F9126300E6E0CC /* 18.png */ = {isa = PBXFileReference; lastKnownFileType = image.png; path = 18.png; sourceTree = "<group>"; };
		81E96F0517F954E400E6E0CC /* refresh.png */ = {isa = PBXFileReference; lastKnownFileType = image.png; path = refresh.png; sourceTree = "<group>"; };
		81E96F0717F9560600E6E0CC /* refresh_pressed.png */ = {isa = PBXFileReference; lastKnownFileType = image.png; path = refresh_pressed.png; sourceTree = "<group>"; };
		81E96F0917F9827D00E6E0CC /* itunes.png */ = {isa = PBXFileReference; lastKnownFileType = image.png; path = itunes.png; sourceTree = "<group>"; };
		81F7A7C217F2B8030049BBD8 /* CheckNetwork.h */ = {isa = PBXFileReference; fileEncoding = 4; lastKnownFileType = sourcecode.c.h; path = CheckNetwork.h; sourceTree = "<group>"; };
		81F7A7C317F2B8030049BBD8 /* CheckNetwork.m */ = {isa = PBXFileReference; fileEncoding = 4; lastKnownFileType = sourcecode.c.objc; path = CheckNetwork.m; sourceTree = "<group>"; };
		81FD160417E039F2004B714A /* TheWeatherReport.app */ = {isa = PBXFileReference; explicitFileType = wrapper.application; includeInIndex = 0; path = TheWeatherReport.app; sourceTree = BUILT_PRODUCTS_DIR; };
		81FD160717E039F2004B714A /* UIKit.framework */ = {isa = PBXFileReference; lastKnownFileType = wrapper.framework; name = UIKit.framework; path = System/Library/Frameworks/UIKit.framework; sourceTree = SDKROOT; };
		81FD160917E039F2004B714A /* Foundation.framework */ = {isa = PBXFileReference; lastKnownFileType = wrapper.framework; name = Foundation.framework; path = System/Library/Frameworks/Foundation.framework; sourceTree = SDKROOT; };
		81FD160B17E039F2004B714A /* CoreGraphics.framework */ = {isa = PBXFileReference; lastKnownFileType = wrapper.framework; name = CoreGraphics.framework; path = System/Library/Frameworks/CoreGraphics.framework; sourceTree = SDKROOT; };
		81FD160F17E039F2004B714A /* TheWeatherReport-Info.plist */ = {isa = PBXFileReference; lastKnownFileType = text.plist.xml; path = "TheWeatherReport-Info.plist"; sourceTree = "<group>"; };
		81FD161117E039F2004B714A /* en */ = {isa = PBXFileReference; lastKnownFileType = text.plist.strings; name = en; path = en.lproj/InfoPlist.strings; sourceTree = "<group>"; };
		81FD161317E039F2004B714A /* main.m */ = {isa = PBXFileReference; lastKnownFileType = sourcecode.c.objc; path = main.m; sourceTree = "<group>"; };
		81FD161517E039F2004B714A /* TheWeatherReport-Prefix.pch */ = {isa = PBXFileReference; lastKnownFileType = sourcecode.c.h; path = "TheWeatherReport-Prefix.pch"; sourceTree = "<group>"; };
		81FD161617E039F2004B714A /* AppDelegate.h */ = {isa = PBXFileReference; lastKnownFileType = sourcecode.c.h; path = AppDelegate.h; sourceTree = "<group>"; };
		81FD161717E039F2004B714A /* AppDelegate.m */ = {isa = PBXFileReference; lastKnownFileType = sourcecode.c.objc; path = AppDelegate.m; sourceTree = "<group>"; };
		81FD162517E03A3D004B714A /* CityInfo.plist */ = {isa = PBXFileReference; fileEncoding = 4; lastKnownFileType = text.plist.xml; name = CityInfo.plist; path = ../CityInfo.plist; sourceTree = "<group>"; };
		81FD162817E03B0C004B714A /* Reachability.h */ = {isa = PBXFileReference; fileEncoding = 4; lastKnownFileType = sourcecode.c.h; path = Reachability.h; sourceTree = "<group>"; };
		81FD162917E03B0C004B714A /* Reachability.m */ = {isa = PBXFileReference; fileEncoding = 4; lastKnownFileType = sourcecode.c.objc; path = Reachability.m; sourceTree = "<group>"; };
		81FD162B17E03B2E004B714A /* SystemConfiguration.framework */ = {isa = PBXFileReference; lastKnownFileType = wrapper.framework; name = SystemConfiguration.framework; path = System/Library/Frameworks/SystemConfiguration.framework; sourceTree = SDKROOT; };
		81FD162D17E03B3D004B714A /* CoreVideo.framework */ = {isa = PBXFileReference; lastKnownFileType = wrapper.framework; name = CoreVideo.framework; path = System/Library/Frameworks/CoreVideo.framework; sourceTree = SDKROOT; };
		81FD162F17E03B48004B714A /* CoreMedia.framework */ = {isa = PBXFileReference; lastKnownFileType = wrapper.framework; name = CoreMedia.framework; path = System/Library/Frameworks/CoreMedia.framework; sourceTree = SDKROOT; };
		81FD163117E03B4F004B714A /* ImageIO.framework */ = {isa = PBXFileReference; lastKnownFileType = wrapper.framework; name = ImageIO.framework; path = System/Library/Frameworks/ImageIO.framework; sourceTree = SDKROOT; };
		81FD163317E03B56004B714A /* AVFoundation.framework */ = {isa = PBXFileReference; lastKnownFileType = wrapper.framework; name = AVFoundation.framework; path = System/Library/Frameworks/AVFoundation.framework; sourceTree = SDKROOT; };
		81FD163517E03B5E004B714A /* CoreLocation.framework */ = {isa = PBXFileReference; lastKnownFileType = wrapper.framework; name = CoreLocation.framework; path = System/Library/Frameworks/CoreLocation.framework; sourceTree = SDKROOT; };
		81FD163717E03B6F004B714A /* QuartzCore.framework */ = {isa = PBXFileReference; lastKnownFileType = wrapper.framework; name = QuartzCore.framework; path = System/Library/Frameworks/QuartzCore.framework; sourceTree = SDKROOT; };
		81FD167617E03C45004B714A /* HomeViewController.h */ = {isa = PBXFileReference; fileEncoding = 4; lastKnownFileType = sourcecode.c.h; path = HomeViewController.h; sourceTree = "<group>"; };
		81FD167717E03C45004B714A /* HomeViewController.m */ = {isa = PBXFileReference; fileEncoding = 4; lastKnownFileType = sourcecode.c.objc; path = HomeViewController.m; sourceTree = "<group>"; };
		81FD167817E03C45004B714A /* HomeViewController.xib */ = {isa = PBXFileReference; fileEncoding = 4; lastKnownFileType = file.xib; path = HomeViewController.xib; sourceTree = "<group>"; };
		81FD167B17E03E29004B714A /* Default-568h@2x.png */ = {isa = PBXFileReference; lastKnownFileType = image.png; path = "Default-568h@2x.png"; sourceTree = "<group>"; };
		81FD167C17E03E29004B714A /* Default.png */ = {isa = PBXFileReference; lastKnownFileType = image.png; path = Default.png; sourceTree = "<group>"; };
		81FD167D17E03E29004B714A /* Default@2x.png */ = {isa = PBXFileReference; lastKnownFileType = image.png; path = "Default@2x.png"; sourceTree = "<group>"; };
		81FD167E17E03E29004B714A /* Icon.png */ = {isa = PBXFileReference; lastKnownFileType = image.png; path = Icon.png; sourceTree = "<group>"; };
		81FD167F17E03E29004B714A /* Icon@2x.png */ = {isa = PBXFileReference; lastKnownFileType = image.png; path = "Icon@2x.png"; sourceTree = "<group>"; };
		81FD168517E03EFF004B714A /* CameraImageHelper.h */ = {isa = PBXFileReference; fileEncoding = 4; lastKnownFileType = sourcecode.c.h; path = CameraImageHelper.h; sourceTree = "<group>"; };
		81FD168617E03EFF004B714A /* CameraImageHelper.m */ = {isa = PBXFileReference; fileEncoding = 4; lastKnownFileType = sourcecode.c.objc; path = CameraImageHelper.m; sourceTree = "<group>"; };
		81FD168817E040C9004B714A /* AboutViewController.h */ = {isa = PBXFileReference; fileEncoding = 4; lastKnownFileType = sourcecode.c.h; path = AboutViewController.h; sourceTree = "<group>"; };
		81FD168917E040C9004B714A /* AboutViewController.m */ = {isa = PBXFileReference; fileEncoding = 4; lastKnownFileType = sourcecode.c.objc; path = AboutViewController.m; sourceTree = "<group>"; };
		81FD168A17E040C9004B714A /* DisclaimerViewController.h */ = {isa = PBXFileReference; fileEncoding = 4; lastKnownFileType = sourcecode.c.h; path = DisclaimerViewController.h; sourceTree = "<group>"; };
		81FD168B17E040C9004B714A /* DisclaimerViewController.m */ = {isa = PBXFileReference; fileEncoding = 4; lastKnownFileType = sourcecode.c.objc; path = DisclaimerViewController.m; sourceTree = "<group>"; };
		81FD168E17E040C9004B714A /* ShowInfoViewController.h */ = {isa = PBXFileReference; fileEncoding = 4; lastKnownFileType = sourcecode.c.h; path = ShowInfoViewController.h; sourceTree = "<group>"; };
		81FD168F17E040C9004B714A /* ShowInfoViewController.m */ = {isa = PBXFileReference; fileEncoding = 4; lastKnownFileType = sourcecode.c.objc; path = ShowInfoViewController.m; sourceTree = "<group>"; };
		81FD169017E040C9004B714A /* VersionViewController.h */ = {isa = PBXFileReference; fileEncoding = 4; lastKnownFileType = sourcecode.c.h; path = VersionViewController.h; sourceTree = "<group>"; };
		81FD169117E040C9004B714A /* VersionViewController.m */ = {isa = PBXFileReference; fileEncoding = 4; lastKnownFileType = sourcecode.c.objc; path = VersionViewController.m; sourceTree = "<group>"; };
/* End PBXFileReference section */

/* Begin PBXFrameworksBuildPhase section */
		81FD160117E039F2004B714A /* Frameworks */ = {
			isa = PBXFrameworksBuildPhase;
			buildActionMask = 2147483647;
			files = (
				8104C36C17E9511600A54475 /* MapKit.framework in Frameworks */,
				81FD163817E03B6F004B714A /* QuartzCore.framework in Frameworks */,
				81FD163617E03B5E004B714A /* CoreLocation.framework in Frameworks */,
				81FD163417E03B56004B714A /* AVFoundation.framework in Frameworks */,
				81FD163217E03B4F004B714A /* ImageIO.framework in Frameworks */,
				81FD163017E03B48004B714A /* CoreMedia.framework in Frameworks */,
				81FD162E17E03B3D004B714A /* CoreVideo.framework in Frameworks */,
				81FD162C17E03B2E004B714A /* SystemConfiguration.framework in Frameworks */,
				81FD160817E039F2004B714A /* UIKit.framework in Frameworks */,
				81FD160A17E039F2004B714A /* Foundation.framework in Frameworks */,
				81FD160C17E039F2004B714A /* CoreGraphics.framework in Frameworks */,
			);
			runOnlyForDeploymentPostprocessing = 0;
		};
/* End PBXFrameworksBuildPhase section */

/* Begin PBXGroup section */
		81FD15FB17E039F2004B714A = {
			isa = PBXGroup;
			children = (
				81FD162417E03A0F004B714A /* Other */,
				81FD167517E03C11004B714A /* VC */,
				81FD163917E03BB3004B714A /* Imgs */,
				81FD160D17E039F2004B714A /* TheWeatherReport */,
				81FD160617E039F2004B714A /* Frameworks */,
				81FD160517E039F2004B714A /* Products */,
			);
			sourceTree = "<group>";
		};
		81FD160517E039F2004B714A /* Products */ = {
			isa = PBXGroup;
			children = (
				81FD160417E039F2004B714A /* TheWeatherReport.app */,
			);
			name = Products;
			sourceTree = "<group>";
		};
		81FD160617E039F2004B714A /* Frameworks */ = {
			isa = PBXGroup;
			children = (
				8104C36B17E9511600A54475 /* MapKit.framework */,
				81FD163717E03B6F004B714A /* QuartzCore.framework */,
				81FD163517E03B5E004B714A /* CoreLocation.framework */,
				81FD163317E03B56004B714A /* AVFoundation.framework */,
				81FD163117E03B4F004B714A /* ImageIO.framework */,
				81FD162F17E03B48004B714A /* CoreMedia.framework */,
				81FD162D17E03B3D004B714A /* CoreVideo.framework */,
				81FD162B17E03B2E004B714A /* SystemConfiguration.framework */,
				81FD160717E039F2004B714A /* UIKit.framework */,
				81FD160917E039F2004B714A /* Foundation.framework */,
				81FD160B17E039F2004B714A /* CoreGraphics.framework */,
			);
			name = Frameworks;
			sourceTree = "<group>";
		};
		81FD160D17E039F2004B714A /* TheWeatherReport */ = {
			isa = PBXGroup;
			children = (
				81FD161617E039F2004B714A /* AppDelegate.h */,
				81FD161717E039F2004B714A /* AppDelegate.m */,
				81FD160E17E039F2004B714A /* Supporting Files */,
			);
			path = TheWeatherReport;
			sourceTree = "<group>";
		};
		81FD160E17E039F2004B714A /* Supporting Files */ = {
			isa = PBXGroup;
			children = (
				81FD160F17E039F2004B714A /* TheWeatherReport-Info.plist */,
				81FD161017E039F2004B714A /* InfoPlist.strings */,
				81FD161317E039F2004B714A /* main.m */,
				81FD161517E039F2004B714A /* TheWeatherReport-Prefix.pch */,
				81FD167B17E03E29004B714A /* Default-568h@2x.png */,
				81FD167C17E03E29004B714A /* Default.png */,
				81FD167D17E03E29004B714A /* Default@2x.png */,
				81FD167E17E03E29004B714A /* Icon.png */,
				81FD167F17E03E29004B714A /* Icon@2x.png */,
				8130B3F817F8299800C671D1 /* Icon-h@2x.png */,
				81E96F0917F9827D00E6E0CC /* itunes.png */,
			);
			name = "Supporting Files";
			sourceTree = "<group>";
		};
		81FD162417E03A0F004B714A /* Other */ = {
			isa = PBXGroup;
			children = (
				81FD162717E03B0C004B714A /* Reachability */,
				81FD168517E03EFF004B714A /* CameraImageHelper.h */,
				81FD168617E03EFF004B714A /* CameraImageHelper.m */,
				819A2AF317E2BD5500254595 /* ChineseToPinyin.h */,
				819A2AF417E2BD5500254595 /* ChineseToPinyin.m */,
				8104C36D17E952A500A54475 /* CustomAnnotation.h */,
				8104C36E17E952A500A54475 /* CustomAnnotation.m */,
			);
			name = Other;
			sourceTree = "<group>";
		};
		81FD162717E03B0C004B714A /* Reachability */ = {
			isa = PBXGroup;
			children = (
				8130B3F617F81E6800C671D1 /* AllCityInfo.plist */,
				81FD162517E03A3D004B714A /* CityInfo.plist */,
				81F7A7C217F2B8030049BBD8 /* CheckNetwork.h */,
				81F7A7C317F2B8030049BBD8 /* CheckNetwork.m */,
				81FD162817E03B0C004B714A /* Reachability.h */,
				81FD162917E03B0C004B714A /* Reachability.m */,
			);
			path = Reachability;
			sourceTree = "<group>";
		};
		81FD163917E03BB3004B714A /* Imgs */ = {
			isa = PBXGroup;
			children = (
				81FD163A17E03BC1004B714A /* WeatherImages */,
				81BC00B317F18C43005FAF3F /* NavigationBg_1.png */,
				8126919D17EFEEC000CEEC66 /* NavigationBg_2.png */,
				8126919F17EFEFBD00CEEC66 /* NavigationBg.png */,
				819A2AE717E2B19000254595 /* NaviBack.png */,
				819A2AE817E2B19000254595 /* NaviBack@2x.png */,
				819DDF0217F55CB300A36D5E /* camera_pressed.png */,
				819DDF0317F55CB300A36D5E /* camera.png */,
				819DDF0417F55CB300A36D5E /* info_pressed.png */,
				819DDF0517F55CB300A36D5E /* info.png */,
				81E96F0717F9560600E6E0CC /* refresh_pressed.png */,
				81E96F0517F954E400E6E0CC /* refresh.png */,
				819A2AED17E2B6AB00254595 /* CancelBack.png */,
				819A2AEE17E2B6AB00254595 /* CancelBack@2x.png */,
				819A2AF117E2B80800254595 /* add.png */,
				819A2AF617E2C7C300254595 /* hxhd.png */,
				819A2AF817E2DC2D00254595 /* hxhdClear.png */,
			);
			name = Imgs;
			sourceTree = "<group>";
		};
		81FD163A17E03BC1004B714A /* WeatherImages */ = {
			isa = PBXGroup;
			children = (
				812691E317F01A0A00CEEC66 /* nothing.png */,
				812691A117F0152A00CEEC66 /* 0.png */,
				812691A217F0152A00CEEC66 /* 1.png */,
				812691A317F0152A00CEEC66 /* 2.png */,
				812691A417F0152A00CEEC66 /* 3.png */,
				812691A517F0152A00CEEC66 /* 4.png */,
				812691A617F0152A00CEEC66 /* 5.png */,
				812691A717F0152A00CEEC66 /* 6.png */,
				812691A817F0152A00CEEC66 /* 7.png */,
				812691A917F0152A00CEEC66 /* 8.png */,
				812691AA17F0152A00CEEC66 /* 9.png */,
				812691AB17F0152A00CEEC66 /* 10.png */,
				812691AC17F0152A00CEEC66 /* 11.png */,
				812691AD17F0152A00CEEC66 /* 12.png */,
				812691AE17F0152A00CEEC66 /* 13.png */,
				812691AF17F0152A00CEEC66 /* 14.png */,
				812691B017F0152A00CEEC66 /* 15.png */,
				812691B117F0152A00CEEC66 /* 16.png */,
				812691B217F0152A00CEEC66 /* 17.png */,
				81E96F0317F9126300E6E0CC /* 18.png */,
				812691B417F0152A00CEEC66 /* 19.png */,
				812691B517F0152A00CEEC66 /* 20.png */,
				812691B617F0152A00CEEC66 /* 21.png */,
				812691B717F0152A00CEEC66 /* 22.png */,
				812691B817F0152A00CEEC66 /* 23.png */,
				812691B917F0152A00CEEC66 /* 24.png */,
				812691BA17F0152A00CEEC66 /* 25.png */,
				812691BB17F0152A00CEEC66 /* 26.png */,
				812691BC17F0152A00CEEC66 /* 27.png */,
				812691BD17F0152A00CEEC66 /* 28.png */,
				812691BE17F0152A00CEEC66 /* 29.png */,
				812691BF17F0152A00CEEC66 /* 30.png */,
				812691C017F0152A00CEEC66 /* 31.png */,
				812691C117F0152A00CEEC66 /* 53.png */,
			);
			path = WeatherImages;
			sourceTree = "<group>";
		};
		81FD167517E03C11004B714A /* VC */ = {
			isa = PBXGroup;
			children = (
				81FD168817E040C9004B714A /* AboutViewController.h */,
				81FD168917E040C9004B714A /* AboutViewController.m */,
				81FD168A17E040C9004B714A /* DisclaimerViewController.h */,
				81FD168B17E040C9004B714A /* DisclaimerViewController.m */,
				81FD169017E040C9004B714A /* VersionViewController.h */,
				81FD169117E040C9004B714A /* VersionViewController.m */,
				81FD168E17E040C9004B714A /* ShowInfoViewController.h */,
				81FD168F17E040C9004B714A /* ShowInfoViewController.m */,
				81FD167617E03C45004B714A /* HomeViewController.h */,
				81FD167717E03C45004B714A /* HomeViewController.m */,
				81FD167817E03C45004B714A /* HomeViewController.xib */,
				810B470517E1671400E2F12F /* CityViewController.h */,
				810B470617E1671400E2F12F /* CityViewController.m */,
				8104C36817E94DFE00A54475 /* CompanyLocationViewController.h */,
				8104C36917E94DFE00A54475 /* CompanyLocationViewController.m */,
			);
			name = VC;
			sourceTree = "<group>";
		};
/* End PBXGroup section */

/* Begin PBXNativeTarget section */
		81FD160317E039F2004B714A /* TheWeatherReport */ = {
			isa = PBXNativeTarget;
			buildConfigurationList = 81FD162117E039F2004B714A /* Build configuration list for PBXNativeTarget "TheWeatherReport" */;
			buildPhases = (
				81FD160017E039F2004B714A /* Sources */,
				81FD160117E039F2004B714A /* Frameworks */,
				81FD160217E039F2004B714A /* Resources */,
			);
			buildRules = (
			);
			dependencies = (
			);
			name = TheWeatherReport;
			productName = TheWeatherReport;
			productReference = 81FD160417E039F2004B714A /* TheWeatherReport.app */;
			productType = "com.apple.product-type.application";
		};
/* End PBXNativeTarget section */

/* Begin PBXProject section */
		81FD15FC17E039F2004B714A /* Project object */ = {
			isa = PBXProject;
			attributes = {
				LastUpgradeCheck = 0460;
				ORGANIZATIONNAME = hxhd;
				TargetAttributes = {
					81FD160317E039F2004B714A = {
						DevelopmentTeam = X25QWQ8SAR;
					};
				};
			};
			buildConfigurationList = 81FD15FF17E039F2004B714A /* Build configuration list for PBXProject "TheWeatherReport" */;
			compatibilityVersion = "Xcode 3.2";
			developmentRegion = English;
			hasScannedForEncodings = 0;
			knownRegions = (
				en,
				"zh-Hans",
			);
			mainGroup = 81FD15FB17E039F2004B714A;
			productRefGroup = 81FD160517E039F2004B714A /* Products */;
			projectDirPath = "";
			projectRoot = "";
			targets = (
				81FD160317E039F2004B714A /* TheWeatherReport */,
			);
		};
/* End PBXProject section */

/* Begin PBXResourcesBuildPhase section */
		81FD160217E039F2004B714A /* Resources */ = {
			isa = PBXResourcesBuildPhase;
			buildActionMask = 2147483647;
			files = (
				819DDF0817F55CB300A36D5E /* camera_pressed.png in Resources */,
				819DDF0A17F55CB300A36D5E /* info_pressed.png in Resources */,
				812691D217F0152A00CEEC66 /* 16.png in Resources */,
				812691C917F0152A00CEEC66 /* 7.png in Resources */,
				812691DF17F0152A00CEEC66 /* 29.png in Resources */,
				812691C417F0152A00CEEC66 /* 2.png in Resources */,
				812691D017F0152A00CEEC66 /* 14.png in Resources */,
				812691D817F0152A00CEEC66 /* 22.png in Resources */,
				81E96F0417F9126300E6E0CC /* 18.png in Resources */,
				812691C217F0152A00CEEC66 /* 0.png in Resources */,
				812691CF17F0152A00CEEC66 /* 13.png in Resources */,
				81E96F0817F9560600E6E0CC /* refresh_pressed.png in Resources */,
				812691C717F0152A00CEEC66 /* 5.png in Resources */,
				812691CD17F0152A00CEEC66 /* 11.png in Resources */,
				812691CE17F0152A00CEEC66 /* 12.png in Resources */,
				81E96F0A17F9827D00E6E0CC /* itunes.png in Resources */,
				812691D917F0152A00CEEC66 /* 23.png in Resources */,
				81E96F0617F954E400E6E0CC /* refresh.png in Resources */,
				81FD161217E039F2004B714A /* InfoPlist.strings in Resources */,
				819DDF0B17F55CB300A36D5E /* info.png in Resources */,
				81FD162617E03A3D004B714A /* CityInfo.plist in Resources */,
				812691C517F0152A00CEEC66 /* 3.png in Resources */,
				812691DD17F0152A00CEEC66 /* 27.png in Resources */,
				812691DB17F0152A00CEEC66 /* 25.png in Resources */,
				812691CC17F0152A00CEEC66 /* 10.png in Resources */,
				812691E017F0152A00CEEC66 /* 30.png in Resources */,
				81BC00B417F18C43005FAF3F /* NavigationBg_1.png in Resources */,
				812691CA17F0152A00CEEC66 /* 8.png in Resources */,
				819DDF0917F55CB300A36D5E /* camera.png in Resources */,
				812691DE17F0152A00CEEC66 /* 28.png in Resources */,
				81FD167A17E03C45004B714A /* HomeViewController.xib in Resources */,
				812691C617F0152A00CEEC66 /* 4.png in Resources */,
				812691DA17F0152A00CEEC66 /* 24.png in Resources */,
				812691DC17F0152A00CEEC66 /* 26.png in Resources */,
				812691E417F01A0A00CEEC66 /* nothing.png in Resources */,
				81FD168017E03E29004B714A /* Default-568h@2x.png in Resources */,
				81FD168117E03E29004B714A /* Default.png in Resources */,
				812691D617F0152A00CEEC66 /* 20.png in Resources */,
				81FD168217E03E29004B714A /* Default@2x.png in Resources */,
				81FD168317E03E29004B714A /* Icon.png in Resources */,
				81FD168417E03E29004B714A /* Icon@2x.png in Resources */,
				819A2AE917E2B19000254595 /* NaviBack.png in Resources */,
				812691D317F0152A00CEEC66 /* 17.png in Resources */,
				812691D517F0152A00CEEC66 /* 19.png in Resources */,
				819A2AEA17E2B19000254595 /* NaviBack@2x.png in Resources */,
				819A2AEF17E2B6AB00254595 /* CancelBack.png in Resources */,
				819A2AF017E2B6AB00254595 /* CancelBack@2x.png in Resources */,
				819A2AF217E2B80800254595 /* add.png in Resources */,
				812691E217F0152A00CEEC66 /* 53.png in Resources */,
				819A2AF717E2C7C300254595 /* hxhd.png in Resources */,
				819A2AF917E2DC2D00254595 /* hxhdClear.png in Resources */,
				812691CB17F0152A00CEEC66 /* 9.png in Resources */,
				812691C317F0152A00CEEC66 /* 1.png in Resources */,
				8130B3F717F81E6800C671D1 /* AllCityInfo.plist in Resources */,
				812691A017EFEFBD00CEEC66 /* NavigationBg.png in Resources */,
				812691D117F0152A00CEEC66 /* 15.png in Resources */,
				812691C817F0152A00CEEC66 /* 6.png in Resources */,
				8130B3F917F8299800C671D1 /* Icon-h@2x.png in Resources */,
				8126919E17EFEEC000CEEC66 /* NavigationBg_2.png in Resources */,
				812691D717F0152A00CEEC66 /* 21.png in Resources */,
				812691E117F0152A00CEEC66 /* 31.png in Resources */,
			);
			runOnlyForDeploymentPostprocessing = 0;
		};
/* End PBXResourcesBuildPhase section */

/* Begin PBXSourcesBuildPhase section */
		81FD160017E039F2004B714A /* Sources */ = {
			isa = PBXSourcesBuildPhase;
			buildActionMask = 2147483647;
			files = (
				81FD161417E039F2004B714A /* main.m in Sources */,
				81FD161817E039F2004B714A /* AppDelegate.m in Sources */,
				81FD162A17E03B0C004B714A /* Reachability.m in Sources */,
				81FD167917E03C45004B714A /* HomeViewController.m in Sources */,
				81FD168717E03EFF004B714A /* CameraImageHelper.m in Sources */,
				81F7A7C417F2B8030049BBD8 /* CheckNetwork.m in Sources */,
				81FD169217E040C9004B714A /* AboutViewController.m in Sources */,
				81FD169317E040C9004B714A /* DisclaimerViewController.m in Sources */,
				81FD169517E040C9004B714A /* ShowInfoViewController.m in Sources */,
				81FD169617E040C9004B714A /* VersionViewController.m in Sources */,
				810B470717E1671400E2F12F /* CityViewController.m in Sources */,
				819A2AF517E2BD5500254595 /* ChineseToPinyin.m in Sources */,
				8104C36A17E94DFE00A54475 /* CompanyLocationViewController.m in Sources */,
				8104C36F17E952A500A54475 /* CustomAnnotation.m in Sources */,
			);
			runOnlyForDeploymentPostprocessing = 0;
		};
/* End PBXSourcesBuildPhase section */

/* Begin PBXVariantGroup section */
		81FD161017E039F2004B714A /* InfoPlist.strings */ = {
			isa = PBXVariantGroup;
			children = (
				81FD161117E039F2004B714A /* en */,
				819A2AFA17E3121E00254595 /* zh-Hans */,
			);
			name = InfoPlist.strings;
			sourceTree = "<group>";
		};
/* End PBXVariantGroup section */

/* Begin XCBuildConfiguration section */
		81FD161F17E039F2004B714A /* Debug */ = {
			isa = XCBuildConfiguration;
			buildSettings = {
				ALWAYS_SEARCH_USER_PATHS = NO;
				CLANG_CXX_LANGUAGE_STANDARD = "gnu++0x";
				CLANG_CXX_LIBRARY = "libc++";
				CLANG_WARN_CONSTANT_CONVERSION = YES;
				CLANG_WARN_EMPTY_BODY = YES;
				CLANG_WARN_ENUM_CONVERSION = YES;
				CLANG_WARN_INT_CONVERSION = YES;
				CLANG_WARN__DUPLICATE_METHOD_MATCH = YES;
				"CODE_SIGN_IDENTITY[sdk=iphoneos*]" = "iPhone Developer";
				COPY_PHASE_STRIP = NO;
				GCC_C_LANGUAGE_STANDARD = gnu99;
				GCC_DYNAMIC_NO_PIC = NO;
				GCC_OPTIMIZATION_LEVEL = 0;
				GCC_PREPROCESSOR_DEFINITIONS = (
					"DEBUG=1",
					"$(inherited)",
				);
				GCC_SYMBOLS_PRIVATE_EXTERN = NO;
				GCC_WARN_ABOUT_RETURN_TYPE = YES;
				GCC_WARN_UNINITIALIZED_AUTOS = YES;
				GCC_WARN_UNUSED_VARIABLE = YES;
				IPHONEOS_DEPLOYMENT_TARGET = 6.1;
				ONLY_ACTIVE_ARCH = YES;
				SDKROOT = iphoneos;
			};
			name = Debug;
		};
		81FD162017E039F2004B714A /* Release */ = {
			isa = XCBuildConfiguration;
			buildSettings = {
				ALWAYS_SEARCH_USER_PATHS = NO;
				CLANG_CXX_LANGUAGE_STANDARD = "gnu++0x";
				CLANG_CXX_LIBRARY = "libc++";
				CLANG_WARN_CONSTANT_CONVERSION = YES;
				CLANG_WARN_EMPTY_BODY = YES;
				CLANG_WARN_ENUM_CONVERSION = YES;
				CLANG_WARN_INT_CONVERSION = YES;
				CLANG_WARN__DUPLICATE_METHOD_MATCH = YES;
				"CODE_SIGN_IDENTITY[sdk=iphoneos*]" = "iPhone Developer";
				COPY_PHASE_STRIP = YES;
				GCC_C_LANGUAGE_STANDARD = gnu99;
				GCC_WARN_ABOUT_RETURN_TYPE = YES;
				GCC_WARN_UNINITIALIZED_AUTOS = YES;
				GCC_WARN_UNUSED_VARIABLE = YES;
				IPHONEOS_DEPLOYMENT_TARGET = 6.1;
				OTHER_CFLAGS = "-DNS_BLOCK_ASSERTIONS=1";
				SDKROOT = iphoneos;
				VALIDATE_PRODUCT = YES;
			};
			name = Release;
		};
		81FD162217E039F2004B714A /* Debug */ = {
			isa = XCBuildConfiguration;
			buildSettings = {
				CODE_SIGN_IDENTITY = "iPhone Developer";
				"CODE_SIGN_IDENTITY[sdk=iphoneos*]" = "iPhone Developer";
				GCC_PRECOMPILE_PREFIX_HEADER = YES;
				GCC_PREFIX_HEADER = "TheWeatherReport/TheWeatherReport-Prefix.pch";
				INFOPLIST_FILE = "TheWeatherReport/TheWeatherReport-Info.plist";
				PRODUCT_NAME = "$(TARGET_NAME)";
				PROVISIONING_PROFILE = "";
				WRAPPER_EXTENSION = app;
			};
			name = Debug;
		};
		81FD162317E039F2004B714A /* Release */ = {
			isa = XCBuildConfiguration;
			buildSettings = {
				CODE_SIGN_IDENTITY = "iPhone Developer";
				"CODE_SIGN_IDENTITY[sdk=iphoneos*]" = "iPhone Developer";
				GCC_PRECOMPILE_PREFIX_HEADER = YES;
				GCC_PREFIX_HEADER = "TheWeatherReport/TheWeatherReport-Prefix.pch";
				INFOPLIST_FILE = "TheWeatherReport/TheWeatherReport-Info.plist";
				PRODUCT_NAME = "$(TARGET_NAME)";
				PROVISIONING_PROFILE = "";
				WRAPPER_EXTENSION = app;
			};
			name = Release;
		};
/* End XCBuildConfiguration section */

/* Begin XCConfigurationList section */
		81FD15FF17E039F2004B714A /* Build configuration list for PBXProject "TheWeatherReport" */ = {
			isa = XCConfigurationList;
			buildConfigurations = (
				81FD161F17E039F2004B714A /* Debug */,
				81FD162017E039F2004B714A /* Release */,
			);
			defaultConfigurationIsVisible = 0;
			defaultConfigurationName = Release;
		};
		81FD162117E039F2004B714A /* Build configuration list for PBXNativeTarget "TheWeatherReport" */ = {
			isa = XCConfigurationList;
			buildConfigurations = (
				81FD162217E039F2004B714A /* Debug */,
				81FD162317E039F2004B714A /* Release */,
			);
			defaultConfigurationIsVisible = 0;
			defaultConfigurationName = Release;
		};
/* End XCConfigurationList section */
	};
	rootObject = 81FD15FC17E039F2004B714A /* Project object */;
}
